{"SurveyEntry":{"SurveyID":"SV_0uILvp0T0q1owIZ","SurveyName":"Autism Spectrum Quotient 10 items \u2013 Adults","SurveyDescription":null,"SurveyOwnerID":"UR_6l4km5abl5GMnyd","SurveyBrandID":"hass","DivisionID":null,"SurveyLanguage":"EN","SurveyActiveResponseSet":"RS_2tTjPt0bgn3h5Yh","SurveyStatus":"Inactive","SurveyStartDate":"0000-00-00 00:00:00","SurveyExpirationDate":"0000-00-00 00:00:00","SurveyCreationDate":"2020-09-11 04:13:24","CreatorID":"UR_6l4km5abl5GMnyd","LastModified":"2020-09-11 04:16:27","LastAccessed":"0000-00-00 00:00:00","LastActivated":"0000-00-00 00:00:00","Deleted":null},"SurveyElements":[{"SurveyID":"SV_0uILvp0T0q1owIZ","Element":"BL","PrimaryAttribute":"Survey Blocks","SecondaryAttribute":null,"TertiaryAttribute":null,"Payload":[{"Type":"Default","Description":"Default Question Block","ID":"BL_eXJZy05PYCKoDit","BlockElements":[{"Type":"Question","QuestionID":"QID1"}]},{"Type":"Trash","Description":"Trash \/ Unused Questions","ID":"BL_9G4kHhq2A0wtYRn"}]},{"SurveyID":"SV_0uILvp0T0q1owIZ","Element":"FL","PrimaryAttribute":"Survey Flow","SecondaryAttribute":null,"TertiaryAttribute":null,"Payload":{"Flow":[{"ID":"BL_eXJZy05PYCKoDit","Type":"Block","FlowID":"FL_2"}],"Properties":{"Count":2},"FlowID":"FL_1","Type":"Root"}},{"SurveyID":"SV_0uILvp0T0q1owIZ","Element":"SO","PrimaryAttribute":"Survey Options","SecondaryAttribute":null,"TertiaryAttribute":null,"Payload":{"BackButton":"false","SaveAndContinue":"true","SurveyProtection":"PublicSurvey","BallotBoxStuffingPrevention":"false","NoIndex":"Yes","SecureResponseFiles":"true","SurveyExpiration":"None","SurveyTermination":"DefaultMessage","Header":"","Footer":"","ProgressBarDisplay":"None","PartialData":"+1 week","ValidationMessage":"","PreviousButton":" \u2190 ","NextButton":" \u2192 ","SurveyTitle":"Online Survey Software | Qualtrics Survey Solutions","SkinLibrary":"hass","SkinType":"MQ","Skin":"hass1","NewScoring":1}},{"SurveyID":"SV_0uILvp0T0q1owIZ","Element":"SCO","PrimaryAttribute":"Scoring","SecondaryAttribute":null,"TertiaryAttribute":null,"Payload":{"ScoringCategories":[],"ScoringCategoryGroups":[],"ScoringSummaryCategory":null,"ScoringSummaryAfterQuestions":0,"ScoringSummaryAfterSurvey":0,"DefaultScoringCategory":null,"AutoScoringCategory":null}},{"SurveyID":"SV_0uILvp0T0q1owIZ","Element":"PROJ","PrimaryAttribute":"CORE","SecondaryAttribute":null,"TertiaryAttribute":"1.1.0","Payload":{"ProjectCategory":"CORE","SchemaVersion":"1.1.0"}},{"SurveyID":"SV_0uILvp0T0q1owIZ","Element":"STAT","PrimaryAttribute":"Survey Statistics","SecondaryAttribute":null,"TertiaryAttribute":null,"Payload":{"MobileCompatible":false,"ID":"Survey Statistics"}},{"SurveyID":"SV_0uILvp0T0q1owIZ","Element":"QC","PrimaryAttribute":"Survey Question Count","SecondaryAttribute":"1","TertiaryAttribute":null,"Payload":null},{"SurveyID":"SV_0uILvp0T0q1owIZ","Element":"RS","PrimaryAttribute":"RS_2tTjPt0bgn3h5Yh","SecondaryAttribute":"Default Response Set","TertiaryAttribute":null,"Payload":null},{"SurveyID":"SV_0uILvp0T0q1owIZ","Element":"SQ","PrimaryAttribute":"QID1","SecondaryAttribute":"Please rate how much you agree with the following statements","TertiaryAttribute":null,"Payload":{"QuestionText":"Please rate how much you agree with the following statements","DefaultChoices":false,"DataExportTag":"Q1","QuestionType":"Matrix","Selector":"Likert","SubSelector":"SingleAnswer","Configuration":{"QuestionDescriptionOption":"UseText","TextPosition":"inline","ChoiceColumnWidth":25,"RepeatHeaders":"none","WhiteSpace":"OFF","MobileFirst":true},"QuestionDescription":"Please rate how much you agree with the following statements","Choices":{"1":{"Display":"I often notice small sounds when others do not"},"2":{"Display":"I usually concentrate more on the whole picture, rather than the small details"},"3":{"Display":"I find it easy to do more than one thing at once"},"4":{"Display":"If there is an interruption, I can switch back to what I was doing very quickly"},"5":{"Display":"I find it easy to \u2018read between the lines\u2019 when someone is talking to me"},"6":{"Display":"I know how to tell if someone listening to me is getting bored"},"7":{"Display":"When I\u2019m reading a story I find it difficult to work out the characters\u2019 intentions"},"8":{"Display":"I like to collect information about categories of things (e.g. types of car, types of bird, types of train, types of plant etc)"},"9":{"Display":"I find it easy to work out what someone is thinking or feeling just by looking at their face"},"10":{"Display":"I find it difficult to work out people\u2019s intentions"}},"ChoiceOrder":[1,2,3,4,5,6,7,8,9,10],"Validation":{"Settings":{"ForceResponse":"OFF","ForceResponseType":"ON","Type":"None"}},"GradingData":[],"Language":[],"NextChoiceId":11,"NextAnswerId":5,"Answers":{"1":{"Display":"Definitely Agree"},"2":{"Display":"Slightly Agree"},"3":{"Display":"Slightly Disagree"},"4":{"Display":"Definitely Disagree"}},"AnswerOrder":[1,2,3,4],"ChoiceDataExportTags":false,"QuestionID":"QID1"}}]}