{"SurveyEntry":{"SurveyID":"SV_eXpZfRwBGmaxxQ1","SurveyName":"Brief Histrionic Personality Scale","SurveyDescription":null,"SurveyOwnerID":"UR_6l4km5abl5GMnyd","SurveyBrandID":"hass","DivisionID":null,"SurveyLanguage":"EN","SurveyActiveResponseSet":"RS_3ZTLICbYcpvN0Ut","SurveyStatus":"Inactive","SurveyStartDate":"0000-00-00 00:00:00","SurveyExpirationDate":"0000-00-00 00:00:00","SurveyCreationDate":"2020-09-10 08:37:28","CreatorID":"UR_6l4km5abl5GMnyd","LastModified":"2020-09-11 01:57:02","LastAccessed":"0000-00-00 00:00:00","LastActivated":"0000-00-00 00:00:00","Deleted":null},"SurveyElements":[{"SurveyID":"SV_eXpZfRwBGmaxxQ1","Element":"BL","PrimaryAttribute":"Survey Blocks","SecondaryAttribute":null,"TertiaryAttribute":null,"Payload":[{"Type":"Default","Description":"Default Question Block","ID":"BL_2uz8yjDWunpu6Q5","BlockElements":[{"Type":"Question","QuestionID":"QID1"}]},{"Type":"Trash","Description":"Trash \/ Unused Questions","ID":"BL_bwJ2w6S9WlI88VD"}]},{"SurveyID":"SV_eXpZfRwBGmaxxQ1","Element":"FL","PrimaryAttribute":"Survey Flow","SecondaryAttribute":null,"TertiaryAttribute":null,"Payload":{"Flow":[{"ID":"BL_2uz8yjDWunpu6Q5","Type":"Block","FlowID":"FL_2"}],"Properties":{"Count":2},"FlowID":"FL_1","Type":"Root"}},{"SurveyID":"SV_eXpZfRwBGmaxxQ1","Element":"SO","PrimaryAttribute":"Survey Options","SecondaryAttribute":null,"TertiaryAttribute":null,"Payload":{"BackButton":"false","SaveAndContinue":"true","SurveyProtection":"PublicSurvey","BallotBoxStuffingPrevention":"false","NoIndex":"Yes","SecureResponseFiles":"true","SurveyExpiration":"None","SurveyTermination":"DefaultMessage","Header":"","Footer":"","ProgressBarDisplay":"None","PartialData":"+1 week","ValidationMessage":"","PreviousButton":" \u2190 ","NextButton":" \u2192 ","SurveyTitle":"Online Survey Software | Qualtrics Survey Solutions","SkinLibrary":"hass","SkinType":"MQ","Skin":"hass1","NewScoring":1}},{"SurveyID":"SV_eXpZfRwBGmaxxQ1","Element":"SCO","PrimaryAttribute":"Scoring","SecondaryAttribute":null,"TertiaryAttribute":null,"Payload":{"ScoringCategories":[{"ID":"SC_5AySHdmFi8R2EkZ","Name":"Score","Description":""},{"ID":"SC_0699apHoUjY4ZUN","Name":"BHPS","Description":null}],"ScoringCategoryGroups":[],"DefaultScoringCategory":"SC_5AySHdmFi8R2EkZ","ScoringSummaryCategory":"SC_5AySHdmFi8R2EkZ","ScoringSummaryAfterQuestions":0,"ScoringSummaryAfterSurvey":0,"AutoScoringCategory":null,"IgnoreNullValues":true}},{"SurveyID":"SV_eXpZfRwBGmaxxQ1","Element":"PROJ","PrimaryAttribute":"CORE","SecondaryAttribute":null,"TertiaryAttribute":"1.1.0","Payload":{"ProjectCategory":"CORE","SchemaVersion":"1.1.0"}},{"SurveyID":"SV_eXpZfRwBGmaxxQ1","Element":"STAT","PrimaryAttribute":"Survey Statistics","SecondaryAttribute":null,"TertiaryAttribute":null,"Payload":{"MobileCompatible":false,"ID":"Survey Statistics"}},{"SurveyID":"SV_eXpZfRwBGmaxxQ1","Element":"QC","PrimaryAttribute":"Survey Question Count","SecondaryAttribute":"1","TertiaryAttribute":null,"Payload":null},{"SurveyID":"SV_eXpZfRwBGmaxxQ1","Element":"RS","PrimaryAttribute":"RS_3ZTLICbYcpvN0Ut","SecondaryAttribute":"Default Response Set","TertiaryAttribute":null,"Payload":null},{"SurveyID":"SV_eXpZfRwBGmaxxQ1","Element":"SQ","PrimaryAttribute":"QID1","SecondaryAttribute":"Please indicate how much you agree with the statements below.","TertiaryAttribute":null,"Payload":{"QuestionText":"Please indicate how much you agree with the statements below.","DefaultChoices":false,"DataExportTag":"Q1","QuestionType":"Matrix","Selector":"Likert","SubSelector":"SingleAnswer","Configuration":{"QuestionDescriptionOption":"UseText","TextPosition":"inline","Autoscale":{"XScale":{"Name":"noneAll","Type":"likert","Reverse":false}},"ChoiceColumnWidth":25,"RepeatHeaders":"none","WhiteSpace":"OFF","MobileFirst":true},"QuestionDescription":"Please indicate how much you agree with the statements below.","Choices":{"1":{"Display":"I find it exciting to flirt with others"},"2":{"Display":"I like to be the centre of attention"},"3":{"Display":"I always seem to have new friends"},"4":{"Display":"I\u2019d prefer not to commit to just one romantic partner"},"5":{"Display":"I flirt even with people who I\u2019m not attracted to"},"6":{"Display":"I tend to be the \u2018\u2018life of the party\u2019\u2019"},"7":{"Display":"A lot of people find me sexually appealing"},"8":{"Display":"I know how to make people like me right away"},"9":{"Display":"I get frustrated when people don\u2019t notice me"},"10":{"Display":"I\u2019m very interested in material things like cars, shoes, etc"},"11":{"Display":"I like it when I know someone desires me sexually"}},"ChoiceOrder":[1,2,3,4,5,6,7,8,9,10,11],"Validation":{"Settings":{"ForceResponse":"OFF","ForceResponseType":"ON","Type":"None"}},"GradingData":[{"ChoiceID":1,"AnswerID":1,"Grades":{"SC_0699apHoUjY4ZUN":1},"index":0},{"ChoiceID":1,"AnswerID":2,"Grades":{"SC_0699apHoUjY4ZUN":2},"index":1},{"ChoiceID":1,"AnswerID":3,"Grades":{"SC_0699apHoUjY4ZUN":3},"index":2},{"ChoiceID":1,"AnswerID":4,"Grades":{"SC_0699apHoUjY4ZUN":4},"index":3},{"ChoiceID":1,"AnswerID":"5","Grades":{"SC_0699apHoUjY4ZUN":5},"index":4},{"ChoiceID":2,"AnswerID":1,"Grades":{"SC_0699apHoUjY4ZUN":1},"index":5},{"ChoiceID":2,"AnswerID":2,"Grades":{"SC_0699apHoUjY4ZUN":2},"index":6},{"ChoiceID":2,"AnswerID":3,"Grades":{"SC_0699apHoUjY4ZUN":3},"index":7},{"ChoiceID":2,"AnswerID":4,"Grades":{"SC_0699apHoUjY4ZUN":4},"index":8},{"ChoiceID":2,"AnswerID":"5","Grades":{"SC_0699apHoUjY4ZUN":5},"index":9},{"ChoiceID":3,"AnswerID":1,"Grades":{"SC_0699apHoUjY4ZUN":1},"index":10},{"ChoiceID":3,"AnswerID":2,"Grades":{"SC_0699apHoUjY4ZUN":2},"index":11},{"ChoiceID":3,"AnswerID":3,"Grades":{"SC_0699apHoUjY4ZUN":3},"index":12},{"ChoiceID":3,"AnswerID":4,"Grades":{"SC_0699apHoUjY4ZUN":4},"index":13},{"ChoiceID":3,"AnswerID":"5","Grades":{"SC_0699apHoUjY4ZUN":5},"index":14},{"ChoiceID":4,"AnswerID":1,"Grades":{"SC_0699apHoUjY4ZUN":1},"index":15},{"ChoiceID":4,"AnswerID":2,"Grades":{"SC_0699apHoUjY4ZUN":2},"index":16},{"ChoiceID":4,"AnswerID":3,"Grades":{"SC_0699apHoUjY4ZUN":3},"index":17},{"ChoiceID":4,"AnswerID":4,"Grades":{"SC_0699apHoUjY4ZUN":4},"index":18},{"ChoiceID":4,"AnswerID":"5","Grades":{"SC_0699apHoUjY4ZUN":5},"index":19},{"ChoiceID":5,"AnswerID":1,"Grades":{"SC_0699apHoUjY4ZUN":1},"index":20},{"ChoiceID":5,"AnswerID":2,"Grades":{"SC_0699apHoUjY4ZUN":2},"index":21},{"ChoiceID":5,"AnswerID":3,"Grades":{"SC_0699apHoUjY4ZUN":3},"index":22},{"ChoiceID":5,"AnswerID":4,"Grades":{"SC_0699apHoUjY4ZUN":4},"index":23},{"ChoiceID":5,"AnswerID":"5","Grades":{"SC_0699apHoUjY4ZUN":5},"index":24},{"ChoiceID":6,"AnswerID":1,"Grades":{"SC_0699apHoUjY4ZUN":1},"index":25},{"ChoiceID":6,"AnswerID":2,"Grades":{"SC_0699apHoUjY4ZUN":2},"index":26},{"ChoiceID":6,"AnswerID":3,"Grades":{"SC_0699apHoUjY4ZUN":3},"index":27},{"ChoiceID":6,"AnswerID":4,"Grades":{"SC_0699apHoUjY4ZUN":4},"index":28},{"ChoiceID":6,"AnswerID":"5","Grades":{"SC_0699apHoUjY4ZUN":5},"index":29},{"ChoiceID":7,"AnswerID":1,"Grades":{"SC_0699apHoUjY4ZUN":1},"index":30},{"ChoiceID":7,"AnswerID":2,"Grades":{"SC_0699apHoUjY4ZUN":2},"index":31},{"ChoiceID":7,"AnswerID":3,"Grades":{"SC_0699apHoUjY4ZUN":3},"index":32},{"ChoiceID":7,"AnswerID":4,"Grades":{"SC_0699apHoUjY4ZUN":4},"index":33},{"ChoiceID":7,"AnswerID":"5","Grades":{"SC_0699apHoUjY4ZUN":5},"index":34},{"ChoiceID":8,"AnswerID":1,"Grades":{"SC_0699apHoUjY4ZUN":1},"index":35},{"ChoiceID":8,"AnswerID":2,"Grades":{"SC_0699apHoUjY4ZUN":2},"index":36},{"ChoiceID":8,"AnswerID":3,"Grades":{"SC_0699apHoUjY4ZUN":3},"index":37},{"ChoiceID":8,"AnswerID":4,"Grades":{"SC_0699apHoUjY4ZUN":4},"index":38},{"ChoiceID":8,"AnswerID":"5","Grades":{"SC_0699apHoUjY4ZUN":5},"index":39},{"ChoiceID":9,"AnswerID":1,"Grades":{"SC_0699apHoUjY4ZUN":1},"index":40},{"ChoiceID":9,"AnswerID":2,"Grades":{"SC_0699apHoUjY4ZUN":2},"index":41},{"ChoiceID":9,"AnswerID":3,"Grades":{"SC_0699apHoUjY4ZUN":3},"index":42},{"ChoiceID":9,"AnswerID":4,"Grades":{"SC_0699apHoUjY4ZUN":4},"index":43},{"ChoiceID":9,"AnswerID":"5","Grades":{"SC_0699apHoUjY4ZUN":5},"index":44},{"ChoiceID":10,"AnswerID":1,"Grades":{"SC_0699apHoUjY4ZUN":1},"index":45},{"ChoiceID":10,"AnswerID":2,"Grades":{"SC_0699apHoUjY4ZUN":2},"index":46},{"ChoiceID":10,"AnswerID":3,"Grades":{"SC_0699apHoUjY4ZUN":3},"index":47},{"ChoiceID":10,"AnswerID":4,"Grades":{"SC_0699apHoUjY4ZUN":4},"index":48},{"ChoiceID":10,"AnswerID":"5","Grades":{"SC_0699apHoUjY4ZUN":5},"index":49},{"ChoiceID":11,"AnswerID":1,"Grades":{"SC_0699apHoUjY4ZUN":1},"index":50},{"ChoiceID":11,"AnswerID":2,"Grades":{"SC_0699apHoUjY4ZUN":2},"index":51},{"ChoiceID":11,"AnswerID":3,"Grades":{"SC_0699apHoUjY4ZUN":3},"index":52},{"ChoiceID":11,"AnswerID":4,"Grades":{"SC_0699apHoUjY4ZUN":4},"index":53},{"ChoiceID":11,"AnswerID":"5","Grades":{"SC_0699apHoUjY4ZUN":5},"index":54}],"Language":[],"NextChoiceId":12,"NextAnswerId":6,"Answers":{"1":{"Display":"Never true"},"2":{"Display":"Seldom true"},"3":{"Display":"Very often true"},"4":{"Display":"Always true"},"5":{"Display":"None at all"}},"AnswerOrder":[1,2,3,4,"5"],"ChoiceDataExportTags":false,"QuestionID":"QID1","DataVisibility":{"Private":false,"Hidden":false}}}]}