{"SurveyEntry":{"SurveyID":"SV_2mKDfCPlxvDaYx7","SurveyName":"Levenson Self-Report Psychopathy Scale (LSRP)","SurveyDescription":null,"SurveyOwnerID":"UR_6l4km5abl5GMnyd","SurveyBrandID":"hass","DivisionID":null,"SurveyLanguage":"EN","SurveyActiveResponseSet":"RS_09cejBwX8tJu78F","SurveyStatus":"Inactive","SurveyStartDate":"0000-00-00 00:00:00","SurveyExpirationDate":"0000-00-00 00:00:00","SurveyCreationDate":"2020-09-10 09:33:32","CreatorID":"UR_6l4km5abl5GMnyd","LastModified":"2020-09-10 09:56:12","LastAccessed":"0000-00-00 00:00:00","LastActivated":"0000-00-00 00:00:00","Deleted":null},"SurveyElements":[{"SurveyID":"SV_2mKDfCPlxvDaYx7","Element":"BL","PrimaryAttribute":"Survey Blocks","SecondaryAttribute":null,"TertiaryAttribute":null,"Payload":[{"Type":"Default","Description":"Default Question Block","ID":"BL_8laKxrMpGoROTdP","BlockElements":[{"Type":"Question","QuestionID":"QID1"},{"Type":"Question","QuestionID":"QID2"}]},{"Type":"Trash","Description":"Trash \/ Unused Questions","ID":"BL_5ioOQg4oliRn9Ot"}]},{"SurveyID":"SV_2mKDfCPlxvDaYx7","Element":"FL","PrimaryAttribute":"Survey Flow","SecondaryAttribute":null,"TertiaryAttribute":null,"Payload":{"Flow":[{"ID":"BL_8laKxrMpGoROTdP","Type":"Block","FlowID":"FL_2"}],"Properties":{"Count":3},"FlowID":"FL_1","Type":"Root"}},{"SurveyID":"SV_2mKDfCPlxvDaYx7","Element":"SO","PrimaryAttribute":"Survey Options","SecondaryAttribute":null,"TertiaryAttribute":null,"Payload":{"BackButton":"false","SaveAndContinue":"true","SurveyProtection":"PublicSurvey","BallotBoxStuffingPrevention":"false","NoIndex":"Yes","SecureResponseFiles":"true","SurveyExpiration":"None","SurveyTermination":"DefaultMessage","Header":"","Footer":"","ProgressBarDisplay":"None","PartialData":"+1 week","ValidationMessage":"","PreviousButton":" \u2190 ","NextButton":" \u2192 ","SurveyTitle":"Online Survey Software | Qualtrics Survey Solutions","SkinLibrary":"hass","SkinType":"MQ","Skin":"hass1","NewScoring":1}},{"SurveyID":"SV_2mKDfCPlxvDaYx7","Element":"SCO","PrimaryAttribute":"Scoring","SecondaryAttribute":null,"TertiaryAttribute":null,"Payload":{"ScoringCategories":[{"ID":"SC_cMYh6SFpb2Eif7n","Name":"Score","Description":""},{"ID":"SC_2bDBRM2QL5KO1PD","Name":"PrimaryPsychopathy","Description":null},{"ID":"SC_djy6uttbhoynRRz","Name":"SecondaryPsychopathy","Description":null}],"ScoringCategoryGroups":[],"DefaultScoringCategory":"SC_cMYh6SFpb2Eif7n","ScoringSummaryCategory":"SC_cMYh6SFpb2Eif7n","ScoringSummaryAfterQuestions":0,"ScoringSummaryAfterSurvey":0,"AutoScoringCategory":null,"IgnoreNullValues":true}},{"SurveyID":"SV_2mKDfCPlxvDaYx7","Element":"PROJ","PrimaryAttribute":"CORE","SecondaryAttribute":null,"TertiaryAttribute":"1.1.0","Payload":{"ProjectCategory":"CORE","SchemaVersion":"1.1.0"}},{"SurveyID":"SV_2mKDfCPlxvDaYx7","Element":"STAT","PrimaryAttribute":"Survey Statistics","SecondaryAttribute":null,"TertiaryAttribute":null,"Payload":{"MobileCompatible":false,"ID":"Survey Statistics"}},{"SurveyID":"SV_2mKDfCPlxvDaYx7","Element":"QC","PrimaryAttribute":"Survey Question Count","SecondaryAttribute":"2","TertiaryAttribute":null,"Payload":null},{"SurveyID":"SV_2mKDfCPlxvDaYx7","Element":"RS","PrimaryAttribute":"RS_09cejBwX8tJu78F","SecondaryAttribute":"Default Response Set","TertiaryAttribute":null,"Payload":null},{"SurveyID":"SV_2mKDfCPlxvDaYx7","Element":"SQ","PrimaryAttribute":"QID1","SecondaryAttribute":"Please indicate how much you agree with the following statements.","TertiaryAttribute":null,"Payload":{"QuestionText":"Please indicate how much you agree with the following statements.","DefaultChoices":false,"DataExportTag":"Q1","QuestionType":"Matrix","Selector":"Likert","SubSelector":"SingleAnswer","Configuration":{"QuestionDescriptionOption":"UseText","TextPosition":"inline","Autoscale":{"XScale":{"Name":"noneAll","Type":"likert","Reverse":false}},"ChoiceColumnWidth":25,"RepeatHeaders":"none","WhiteSpace":"OFF","MobileFirst":true},"QuestionDescription":"Please indicate how much you agree with the following statements.","Choices":{"1":{"Display":"Success is based on survival of the fittest; I am not concerned about the losers"},"2":{"Display":"For me, what's right is whatever I can get away with"},"3":{"Display":"In today's world, I feel justified in doing anything I can get away with to succeed"},"4":{"Display":"My main purpose in life is getting as many goodies as I can"},"5":{"Display":"Making a lot of money is my most important goal"},"6":{"Display":"I let others worry about higher values; my main concern is with the bottom line"},"7":{"Display":"People who are stupid enough to get ripped off usually deserve it"},"8":{"Display":"Looking out for myself is my top priority"},"9":{"Display":"I tell other people what they want to hear so that they will do what I want them to d"},"10":{"Display":"I would be upset if my success came at someone else's expense"},"11":{"Display":"I often admire a really clever scam"},"12":{"Display":"I make a point of trying not to hurt others in pursuit of my goals"},"13":{"Display":"I enjoy manipulating other people's feelings"},"14":{"Display":"I feel bad if my words or actions cause someone else to feel emotional pain"},"15":{"Display":"Even if I were trying very hard to sell something, I wouldn't lie about it"},"16":{"Display":"Cheating is not justified because it is unfair to others"}},"ChoiceOrder":[1,2,3,4,5,6,7,8,9,10,11,12,13,14,15,16],"Validation":{"Settings":{"ForceResponse":"OFF","ForceResponseType":"ON","Type":"None"}},"GradingData":[{"ChoiceID":"10","AnswerID":"1","Grades":{"SC_cMYh6SFpb2Eif7n":4,"SC_2bDBRM2QL5KO1PD":4},"index":0},{"ChoiceID":"10","AnswerID":"2","Grades":{"SC_cMYh6SFpb2Eif7n":3,"SC_2bDBRM2QL5KO1PD":3},"index":1},{"ChoiceID":"10","AnswerID":"3","Grades":{"SC_cMYh6SFpb2Eif7n":2,"SC_2bDBRM2QL5KO1PD":2},"index":2},{"ChoiceID":"10","AnswerID":"4","Grades":{"SC_cMYh6SFpb2Eif7n":1,"SC_2bDBRM2QL5KO1PD":1},"index":3},{"ChoiceID":"12","AnswerID":"1","Grades":{"SC_cMYh6SFpb2Eif7n":4,"SC_2bDBRM2QL5KO1PD":4},"index":4},{"ChoiceID":"12","AnswerID":"2","Grades":{"SC_cMYh6SFpb2Eif7n":3,"SC_2bDBRM2QL5KO1PD":3},"index":5},{"ChoiceID":"12","AnswerID":"3","Grades":{"SC_cMYh6SFpb2Eif7n":2,"SC_2bDBRM2QL5KO1PD":2},"index":6},{"ChoiceID":"12","AnswerID":"4","Grades":{"SC_cMYh6SFpb2Eif7n":1,"SC_2bDBRM2QL5KO1PD":1},"index":7},{"ChoiceID":"14","AnswerID":"1","Grades":{"SC_cMYh6SFpb2Eif7n":4,"SC_2bDBRM2QL5KO1PD":4},"index":8},{"ChoiceID":"14","AnswerID":"2","Grades":{"SC_cMYh6SFpb2Eif7n":3,"SC_2bDBRM2QL5KO1PD":3},"index":9},{"ChoiceID":"14","AnswerID":"3","Grades":{"SC_cMYh6SFpb2Eif7n":2,"SC_2bDBRM2QL5KO1PD":2},"index":10},{"ChoiceID":"14","AnswerID":"4","Grades":{"SC_cMYh6SFpb2Eif7n":1,"SC_2bDBRM2QL5KO1PD":1},"index":11},{"ChoiceID":"15","AnswerID":"1","Grades":{"SC_cMYh6SFpb2Eif7n":4,"SC_2bDBRM2QL5KO1PD":4},"index":12},{"ChoiceID":"15","AnswerID":"2","Grades":{"SC_cMYh6SFpb2Eif7n":3,"SC_2bDBRM2QL5KO1PD":3},"index":13},{"ChoiceID":"15","AnswerID":"3","Grades":{"SC_cMYh6SFpb2Eif7n":2,"SC_2bDBRM2QL5KO1PD":2},"index":14},{"ChoiceID":"15","AnswerID":"4","Grades":{"SC_cMYh6SFpb2Eif7n":1,"SC_2bDBRM2QL5KO1PD":1},"index":15},{"ChoiceID":"16","AnswerID":"1","Grades":{"SC_cMYh6SFpb2Eif7n":4,"SC_2bDBRM2QL5KO1PD":4},"index":16},{"ChoiceID":"16","AnswerID":"2","Grades":{"SC_cMYh6SFpb2Eif7n":3,"SC_2bDBRM2QL5KO1PD":3},"index":17},{"ChoiceID":"16","AnswerID":"3","Grades":{"SC_cMYh6SFpb2Eif7n":2,"SC_2bDBRM2QL5KO1PD":2},"index":18},{"ChoiceID":"16","AnswerID":"4","Grades":{"SC_cMYh6SFpb2Eif7n":1,"SC_2bDBRM2QL5KO1PD":1},"index":19},{"ChoiceID":"13","AnswerID":"1","Grades":{"SC_cMYh6SFpb2Eif7n":1,"SC_2bDBRM2QL5KO1PD":1},"index":20},{"ChoiceID":"13","AnswerID":"2","Grades":{"SC_cMYh6SFpb2Eif7n":2,"SC_2bDBRM2QL5KO1PD":2},"index":21},{"ChoiceID":"13","AnswerID":"3","Grades":{"SC_cMYh6SFpb2Eif7n":3,"SC_2bDBRM2QL5KO1PD":3},"index":22},{"ChoiceID":"13","AnswerID":"4","Grades":{"SC_cMYh6SFpb2Eif7n":4,"SC_2bDBRM2QL5KO1PD":4},"index":23},{"ChoiceID":"11","AnswerID":"1","Grades":{"SC_cMYh6SFpb2Eif7n":1,"SC_2bDBRM2QL5KO1PD":1},"index":24},{"ChoiceID":"11","AnswerID":"2","Grades":{"SC_cMYh6SFpb2Eif7n":2,"SC_2bDBRM2QL5KO1PD":2},"index":25},{"ChoiceID":"11","AnswerID":"3","Grades":{"SC_cMYh6SFpb2Eif7n":3,"SC_2bDBRM2QL5KO1PD":3},"index":26},{"ChoiceID":"11","AnswerID":"4","Grades":{"SC_cMYh6SFpb2Eif7n":4,"SC_2bDBRM2QL5KO1PD":4},"index":27},{"ChoiceID":"9","AnswerID":"1","Grades":{"SC_cMYh6SFpb2Eif7n":1,"SC_2bDBRM2QL5KO1PD":1},"index":28},{"ChoiceID":"9","AnswerID":"2","Grades":{"SC_cMYh6SFpb2Eif7n":2,"SC_2bDBRM2QL5KO1PD":2},"index":29},{"ChoiceID":"9","AnswerID":"3","Grades":{"SC_cMYh6SFpb2Eif7n":3,"SC_2bDBRM2QL5KO1PD":3},"index":30},{"ChoiceID":"9","AnswerID":"4","Grades":{"SC_cMYh6SFpb2Eif7n":4,"SC_2bDBRM2QL5KO1PD":4},"index":31},{"ChoiceID":"8","AnswerID":"1","Grades":{"SC_cMYh6SFpb2Eif7n":1,"SC_2bDBRM2QL5KO1PD":1},"index":32},{"ChoiceID":"8","AnswerID":"2","Grades":{"SC_cMYh6SFpb2Eif7n":2,"SC_2bDBRM2QL5KO1PD":2},"index":33},{"ChoiceID":"8","AnswerID":"3","Grades":{"SC_cMYh6SFpb2Eif7n":3,"SC_2bDBRM2QL5KO1PD":3},"index":34},{"ChoiceID":"8","AnswerID":"4","Grades":{"SC_cMYh6SFpb2Eif7n":4,"SC_2bDBRM2QL5KO1PD":4},"index":35},{"ChoiceID":"7","AnswerID":"1","Grades":{"SC_cMYh6SFpb2Eif7n":1,"SC_2bDBRM2QL5KO1PD":1},"index":36},{"ChoiceID":"7","AnswerID":"2","Grades":{"SC_cMYh6SFpb2Eif7n":2,"SC_2bDBRM2QL5KO1PD":2},"index":37},{"ChoiceID":"7","AnswerID":"3","Grades":{"SC_cMYh6SFpb2Eif7n":3,"SC_2bDBRM2QL5KO1PD":3},"index":38},{"ChoiceID":"7","AnswerID":"4","Grades":{"SC_cMYh6SFpb2Eif7n":4,"SC_2bDBRM2QL5KO1PD":4},"index":39},{"ChoiceID":"6","AnswerID":"1","Grades":{"SC_cMYh6SFpb2Eif7n":1,"SC_2bDBRM2QL5KO1PD":1},"index":40},{"ChoiceID":"6","AnswerID":"2","Grades":{"SC_cMYh6SFpb2Eif7n":2,"SC_2bDBRM2QL5KO1PD":2},"index":41},{"ChoiceID":"6","AnswerID":"3","Grades":{"SC_cMYh6SFpb2Eif7n":3,"SC_2bDBRM2QL5KO1PD":3},"index":42},{"ChoiceID":"6","AnswerID":"4","Grades":{"SC_cMYh6SFpb2Eif7n":4,"SC_2bDBRM2QL5KO1PD":4},"index":43},{"ChoiceID":"5","AnswerID":"1","Grades":{"SC_cMYh6SFpb2Eif7n":1,"SC_2bDBRM2QL5KO1PD":1},"index":44},{"ChoiceID":"5","AnswerID":"2","Grades":{"SC_cMYh6SFpb2Eif7n":2,"SC_2bDBRM2QL5KO1PD":2},"index":45},{"ChoiceID":"5","AnswerID":"3","Grades":{"SC_cMYh6SFpb2Eif7n":3,"SC_2bDBRM2QL5KO1PD":3},"index":46},{"ChoiceID":"5","AnswerID":"4","Grades":{"SC_cMYh6SFpb2Eif7n":4,"SC_2bDBRM2QL5KO1PD":4},"index":47},{"ChoiceID":"4","AnswerID":"1","Grades":{"SC_cMYh6SFpb2Eif7n":1,"SC_2bDBRM2QL5KO1PD":1},"index":48},{"ChoiceID":"4","AnswerID":"2","Grades":{"SC_cMYh6SFpb2Eif7n":2,"SC_2bDBRM2QL5KO1PD":2},"index":49},{"ChoiceID":"4","AnswerID":"3","Grades":{"SC_cMYh6SFpb2Eif7n":3,"SC_2bDBRM2QL5KO1PD":3},"index":50},{"ChoiceID":"4","AnswerID":"4","Grades":{"SC_cMYh6SFpb2Eif7n":4,"SC_2bDBRM2QL5KO1PD":4},"index":51},{"ChoiceID":"3","AnswerID":"1","Grades":{"SC_cMYh6SFpb2Eif7n":1,"SC_2bDBRM2QL5KO1PD":1},"index":52},{"ChoiceID":"3","AnswerID":"2","Grades":{"SC_cMYh6SFpb2Eif7n":2,"SC_2bDBRM2QL5KO1PD":2},"index":53},{"ChoiceID":"3","AnswerID":"3","Grades":{"SC_cMYh6SFpb2Eif7n":3,"SC_2bDBRM2QL5KO1PD":3},"index":54},{"ChoiceID":"3","AnswerID":"4","Grades":{"SC_cMYh6SFpb2Eif7n":4,"SC_2bDBRM2QL5KO1PD":4},"index":55},{"ChoiceID":"2","AnswerID":"1","Grades":{"SC_cMYh6SFpb2Eif7n":1,"SC_2bDBRM2QL5KO1PD":1},"index":56},{"ChoiceID":"2","AnswerID":"2","Grades":{"SC_cMYh6SFpb2Eif7n":2,"SC_2bDBRM2QL5KO1PD":2},"index":57},{"ChoiceID":"2","AnswerID":"3","Grades":{"SC_cMYh6SFpb2Eif7n":3,"SC_2bDBRM2QL5KO1PD":3},"index":58},{"ChoiceID":"2","AnswerID":"4","Grades":{"SC_cMYh6SFpb2Eif7n":4,"SC_2bDBRM2QL5KO1PD":4},"index":59},{"ChoiceID":"1","AnswerID":"1","Grades":{"SC_cMYh6SFpb2Eif7n":1,"SC_2bDBRM2QL5KO1PD":1},"index":60},{"ChoiceID":"1","AnswerID":"2","Grades":{"SC_cMYh6SFpb2Eif7n":2,"SC_2bDBRM2QL5KO1PD":2},"index":61},{"ChoiceID":"1","AnswerID":"3","Grades":{"SC_cMYh6SFpb2Eif7n":3,"SC_2bDBRM2QL5KO1PD":3},"index":62},{"ChoiceID":"1","AnswerID":"4","Grades":{"SC_cMYh6SFpb2Eif7n":4,"SC_2bDBRM2QL5KO1PD":4},"index":63}],"Language":[],"NextChoiceId":17,"NextAnswerId":5,"Answers":{"1":{"Display":"Disagree strongly"},"2":{"Display":"Disagree"},"3":{"Display":"Agree"},"4":{"Display":"Agree strongly"}},"AnswerOrder":[1,2,3,4],"ChoiceDataExportTags":false,"QuestionID":"QID1","DataVisibility":{"Private":false,"Hidden":false}}},{"SurveyID":"SV_2mKDfCPlxvDaYx7","Element":"SQ","PrimaryAttribute":"QID2","SecondaryAttribute":"Please indicate how much you agree with the following statements.","TertiaryAttribute":null,"Payload":{"QuestionText":"Please indicate how much you agree with the following statements.","DefaultChoices":false,"DataExportTag":"Q2","QuestionID":"QID2","QuestionType":"Matrix","Selector":"Likert","SubSelector":"SingleAnswer","DataVisibility":{"Private":false,"Hidden":false},"Configuration":{"QuestionDescriptionOption":"UseText","TextPosition":"inline","Autoscale":{"XScale":{"Name":"noneAll","Type":"likert","Reverse":false}},"ChoiceColumnWidth":25,"RepeatHeaders":"none","WhiteSpace":"OFF","MobileFirst":true},"QuestionDescription":"Please indicate how much you agree with the following statements.","Choices":{"1":{"Display":"I find myself in the same kinds of trouble, time after time"},"2":{"Display":"I am often bored"},"3":{"Display":"I find that I am able to pursue one goal for a long time"},"4":{"Display":"I don't plan anything very far in advance"},"5":{"Display":"I quickly lose interest in tasks I start"},"6":{"Display":"problems"},"7":{"Display":"Before I do anything, I carefully consider the possible consequences."},"8":{"Display":"I  have been in a lot of shouting matches with other people"},"9":{"Display":"When I get frustrated, I often \"let off steam\" by blowing my top"},"10":{"Display":"Love is overrated"}},"ChoiceOrder":[1,2,3,4,5,6,7,8,9,10],"Validation":{"Settings":{"ForceResponse":"OFF","ForceResponseType":"ON","Type":"None"}},"GradingData":[{"ChoiceID":1,"AnswerID":1,"Grades":{"SC_cMYh6SFpb2Eif7n":1,"SC_djy6uttbhoynRRz":1},"index":0},{"ChoiceID":1,"AnswerID":2,"Grades":{"SC_cMYh6SFpb2Eif7n":2,"SC_djy6uttbhoynRRz":2},"index":1},{"ChoiceID":1,"AnswerID":3,"Grades":{"SC_cMYh6SFpb2Eif7n":3,"SC_djy6uttbhoynRRz":3},"index":2},{"ChoiceID":1,"AnswerID":4,"Grades":{"SC_cMYh6SFpb2Eif7n":4,"SC_djy6uttbhoynRRz":4},"index":3},{"ChoiceID":2,"AnswerID":1,"Grades":{"SC_cMYh6SFpb2Eif7n":1,"SC_djy6uttbhoynRRz":1},"index":4},{"ChoiceID":2,"AnswerID":2,"Grades":{"SC_cMYh6SFpb2Eif7n":2,"SC_djy6uttbhoynRRz":2},"index":5},{"ChoiceID":2,"AnswerID":3,"Grades":{"SC_cMYh6SFpb2Eif7n":3,"SC_djy6uttbhoynRRz":3},"index":6},{"ChoiceID":2,"AnswerID":4,"Grades":{"SC_cMYh6SFpb2Eif7n":4,"SC_djy6uttbhoynRRz":4},"index":7},{"ChoiceID":3,"AnswerID":1,"Grades":{"SC_cMYh6SFpb2Eif7n":4,"SC_djy6uttbhoynRRz":4},"index":8},{"ChoiceID":3,"AnswerID":2,"Grades":{"SC_cMYh6SFpb2Eif7n":3,"SC_djy6uttbhoynRRz":3},"index":9},{"ChoiceID":3,"AnswerID":3,"Grades":{"SC_cMYh6SFpb2Eif7n":2,"SC_djy6uttbhoynRRz":2},"index":10},{"ChoiceID":3,"AnswerID":4,"Grades":{"SC_cMYh6SFpb2Eif7n":1,"SC_djy6uttbhoynRRz":1},"index":11},{"ChoiceID":4,"AnswerID":1,"Grades":{"SC_cMYh6SFpb2Eif7n":1,"SC_djy6uttbhoynRRz":1},"index":12},{"ChoiceID":4,"AnswerID":2,"Grades":{"SC_cMYh6SFpb2Eif7n":2,"SC_djy6uttbhoynRRz":2},"index":13},{"ChoiceID":4,"AnswerID":3,"Grades":{"SC_cMYh6SFpb2Eif7n":3,"SC_djy6uttbhoynRRz":3},"index":14},{"ChoiceID":4,"AnswerID":4,"Grades":{"SC_cMYh6SFpb2Eif7n":4,"SC_djy6uttbhoynRRz":4},"index":15},{"ChoiceID":5,"AnswerID":1,"Grades":{"SC_cMYh6SFpb2Eif7n":1,"SC_djy6uttbhoynRRz":1},"index":16},{"ChoiceID":5,"AnswerID":2,"Grades":{"SC_cMYh6SFpb2Eif7n":2,"SC_djy6uttbhoynRRz":2},"index":17},{"ChoiceID":5,"AnswerID":3,"Grades":{"SC_cMYh6SFpb2Eif7n":3,"SC_djy6uttbhoynRRz":3},"index":18},{"ChoiceID":5,"AnswerID":4,"Grades":{"SC_cMYh6SFpb2Eif7n":4,"SC_djy6uttbhoynRRz":4},"index":19},{"ChoiceID":6,"AnswerID":1,"Grades":{"SC_cMYh6SFpb2Eif7n":1,"SC_djy6uttbhoynRRz":1},"index":20},{"ChoiceID":6,"AnswerID":2,"Grades":{"SC_cMYh6SFpb2Eif7n":2,"SC_djy6uttbhoynRRz":2},"index":21},{"ChoiceID":6,"AnswerID":3,"Grades":{"SC_cMYh6SFpb2Eif7n":3,"SC_djy6uttbhoynRRz":3},"index":22},{"ChoiceID":6,"AnswerID":4,"Grades":{"SC_cMYh6SFpb2Eif7n":4,"SC_djy6uttbhoynRRz":4},"index":23},{"ChoiceID":7,"AnswerID":1,"Grades":{"SC_cMYh6SFpb2Eif7n":4,"SC_djy6uttbhoynRRz":4},"index":24},{"ChoiceID":7,"AnswerID":2,"Grades":{"SC_cMYh6SFpb2Eif7n":3,"SC_djy6uttbhoynRRz":3},"index":25},{"ChoiceID":7,"AnswerID":3,"Grades":{"SC_cMYh6SFpb2Eif7n":2,"SC_djy6uttbhoynRRz":2},"index":26},{"ChoiceID":7,"AnswerID":4,"Grades":{"SC_cMYh6SFpb2Eif7n":1,"SC_djy6uttbhoynRRz":1},"index":27},{"ChoiceID":8,"AnswerID":1,"Grades":{"SC_cMYh6SFpb2Eif7n":1,"SC_djy6uttbhoynRRz":1},"index":28},{"ChoiceID":8,"AnswerID":2,"Grades":{"SC_cMYh6SFpb2Eif7n":2,"SC_djy6uttbhoynRRz":2},"index":29},{"ChoiceID":8,"AnswerID":3,"Grades":{"SC_cMYh6SFpb2Eif7n":3,"SC_djy6uttbhoynRRz":3},"index":30},{"ChoiceID":8,"AnswerID":4,"Grades":{"SC_cMYh6SFpb2Eif7n":4,"SC_djy6uttbhoynRRz":4},"index":31},{"ChoiceID":9,"AnswerID":1,"Grades":{"SC_cMYh6SFpb2Eif7n":1,"SC_djy6uttbhoynRRz":1},"index":32},{"ChoiceID":9,"AnswerID":2,"Grades":{"SC_cMYh6SFpb2Eif7n":2,"SC_djy6uttbhoynRRz":2},"index":33},{"ChoiceID":9,"AnswerID":3,"Grades":{"SC_cMYh6SFpb2Eif7n":3,"SC_djy6uttbhoynRRz":3},"index":34},{"ChoiceID":9,"AnswerID":4,"Grades":{"SC_cMYh6SFpb2Eif7n":4,"SC_djy6uttbhoynRRz":4},"index":35},{"ChoiceID":10,"AnswerID":1,"Grades":{"SC_cMYh6SFpb2Eif7n":1,"SC_djy6uttbhoynRRz":1},"index":36},{"ChoiceID":10,"AnswerID":2,"Grades":{"SC_cMYh6SFpb2Eif7n":2,"SC_djy6uttbhoynRRz":2},"index":37},{"ChoiceID":10,"AnswerID":3,"Grades":{"SC_cMYh6SFpb2Eif7n":3,"SC_djy6uttbhoynRRz":3},"index":38},{"ChoiceID":10,"AnswerID":4,"Grades":{"SC_cMYh6SFpb2Eif7n":4,"SC_djy6uttbhoynRRz":4},"index":39}],"Language":[],"NextChoiceId":11,"NextAnswerId":5,"Answers":{"1":{"Display":"Disagree strongly"},"2":{"Display":"Disagree"},"3":{"Display":"Agree"},"4":{"Display":"Agree strongly"}},"AnswerOrder":[1,2,3,4],"ChoiceDataExportTags":false}}]}