{"SurveyEntry":{"SurveyID":"SV_6kVBjjUT1V1JeXH","SurveyName":"Romantic Jealousy (Multi-dimensional Jealousy Scale)","SurveyDescription":null,"SurveyOwnerID":"UR_6l4km5abl5GMnyd","SurveyBrandID":"hass","DivisionID":null,"SurveyLanguage":"EN","SurveyActiveResponseSet":"RS_0SCacJ7vO8VnR5j","SurveyStatus":"Inactive","SurveyStartDate":"0000-00-00 00:00:00","SurveyExpirationDate":"0000-00-00 00:00:00","SurveyCreationDate":"2020-09-11 02:01:29","CreatorID":"UR_6l4km5abl5GMnyd","LastModified":"2020-09-11 02:26:33","LastAccessed":"0000-00-00 00:00:00","LastActivated":"0000-00-00 00:00:00","Deleted":null},"SurveyElements":[{"SurveyID":"SV_6kVBjjUT1V1JeXH","Element":"BL","PrimaryAttribute":"Survey Blocks","SecondaryAttribute":null,"TertiaryAttribute":null,"Payload":[{"Type":"Default","Description":"Default Question Block","ID":"BL_b3jnZ4Jcbm9IsdL","BlockElements":[{"Type":"Question","QuestionID":"QID1"},{"Type":"Question","QuestionID":"QID2"},{"Type":"Question","QuestionID":"QID3"}]},{"Type":"Trash","Description":"Trash \/ Unused Questions","ID":"BL_0B1TlQlUfOOuxw1"}]},{"SurveyID":"SV_6kVBjjUT1V1JeXH","Element":"FL","PrimaryAttribute":"Survey Flow","SecondaryAttribute":null,"TertiaryAttribute":null,"Payload":{"Flow":[{"ID":"BL_b3jnZ4Jcbm9IsdL","Type":"Block","FlowID":"FL_2"}],"Properties":{"Count":2},"FlowID":"FL_1","Type":"Root"}},{"SurveyID":"SV_6kVBjjUT1V1JeXH","Element":"SO","PrimaryAttribute":"Survey Options","SecondaryAttribute":null,"TertiaryAttribute":null,"Payload":{"BackButton":"false","SaveAndContinue":"true","SurveyProtection":"PublicSurvey","BallotBoxStuffingPrevention":"false","NoIndex":"Yes","SecureResponseFiles":"true","SurveyExpiration":"None","SurveyTermination":"DefaultMessage","Header":"","Footer":"","ProgressBarDisplay":"None","PartialData":"+1 week","ValidationMessage":"","PreviousButton":" \u2190 ","NextButton":" \u2192 ","SurveyTitle":"Online Survey Software | Qualtrics Survey Solutions","SkinLibrary":"hass","SkinType":"MQ","Skin":"hass1","NewScoring":1}},{"SurveyID":"SV_6kVBjjUT1V1JeXH","Element":"SCO","PrimaryAttribute":"Scoring","SecondaryAttribute":null,"TertiaryAttribute":null,"Payload":{"ScoringCategories":[],"ScoringCategoryGroups":[],"ScoringSummaryCategory":null,"ScoringSummaryAfterQuestions":0,"ScoringSummaryAfterSurvey":0,"DefaultScoringCategory":null,"AutoScoringCategory":null}},{"SurveyID":"SV_6kVBjjUT1V1JeXH","Element":"PROJ","PrimaryAttribute":"CORE","SecondaryAttribute":null,"TertiaryAttribute":"1.1.0","Payload":{"ProjectCategory":"CORE","SchemaVersion":"1.1.0"}},{"SurveyID":"SV_6kVBjjUT1V1JeXH","Element":"STAT","PrimaryAttribute":"Survey Statistics","SecondaryAttribute":null,"TertiaryAttribute":null,"Payload":{"MobileCompatible":false,"ID":"Survey Statistics"}},{"SurveyID":"SV_6kVBjjUT1V1JeXH","Element":"QC","PrimaryAttribute":"Survey Question Count","SecondaryAttribute":"3","TertiaryAttribute":null,"Payload":null},{"SurveyID":"SV_6kVBjjUT1V1JeXH","Element":"RS","PrimaryAttribute":"RS_0SCacJ7vO8VnR5j","SecondaryAttribute":"Default Response Set","TertiaryAttribute":null,"Payload":null},{"SurveyID":"SV_6kVBjjUT1V1JeXH","Element":"SQ","PrimaryAttribute":"QID3","SecondaryAttribute":"How often do you engage in the following behaviours?","TertiaryAttribute":null,"Payload":{"QuestionText":"How often do you engage in the following behaviours?","DefaultChoices":false,"DataExportTag":"Q3","QuestionID":"QID3","QuestionType":"Matrix","Selector":"Likert","SubSelector":"SingleAnswer","Configuration":{"QuestionDescriptionOption":"UseText","TextPosition":"inline","ChoiceColumnWidth":25,"RepeatHeaders":"none","WhiteSpace":"OFF","MobileFirst":true},"QuestionDescription":"How often do you engage in the following behaviours?","Choices":{"1":{"Display":"I look through X\u2019s drawers, handbag, or pockets."},"2":{"Display":"I call X unexpectedly, just to see if s\/he is there."},"3":{"Display":"I question X about previous or present romantic relationships."},"4":{"Display":"I say something nasty about someone of the opposite sex if X shows an interest in that person."},"5":{"Display":"I question X about his\/her telephone calls."},"6":{"Display":"I question X about his\/her whereabouts."},"7":{"Display":"I join in whenever I see X talking to a member of the opposite sex."},"8":{"Display":"I pay X a surprise visit just to see who is with him\/her."}},"ChoiceOrder":[1,2,3,4,5,6,7,8],"Validation":{"Settings":{"ForceResponse":"OFF","ForceResponseType":"ON","Type":"None"}},"GradingData":[],"Language":[],"NextChoiceId":9,"NextAnswerId":8,"Answers":{"1":{"Display":"1 = Never"},"2":{"Display":"2"},"3":{"Display":"3"},"4":{"Display":"4"},"5":{"Display":"5"},"6":{"Display":"6"},"7":{"Display":"7 = All the time"}},"AnswerOrder":[1,2,3,4,5,6,7],"ChoiceDataExportTags":false}},{"SurveyID":"SV_6kVBjjUT1V1JeXH","Element":"SQ","PrimaryAttribute":"QID1","SecondaryAttribute":"How often do you have the following thoughts about X?","TertiaryAttribute":null,"Payload":{"QuestionText":"How often do you have the following thoughts about X?","DefaultChoices":false,"DataExportTag":"Q1","QuestionID":"QID1","QuestionType":"Matrix","Selector":"Likert","SubSelector":"SingleAnswer","Configuration":{"QuestionDescriptionOption":"UseText","TextPosition":"inline","ChoiceColumnWidth":25,"RepeatHeaders":"none","WhiteSpace":"OFF","MobileFirst":true},"QuestionDescription":"How often do you have the following thoughts about X?","Choices":{"1":{"Display":"I suspect that X is secretly seeing someone of the opposite sex."},"2":{"Display":"I am worried that some member of the opposite sex may be chasing after X."},"3":{"Display":"I suspect that X may be attracted to someone else."},"4":{"Display":"I suspect that X may be physically intimate with another member of the opposite sex behind my back."},"5":{"Display":"I think that some members of the opposite sex may be romantically interested in X."},"6":{"Display":"I think that X is secretly developing an intimate relationship with someone of the opposite sex."},"7":{"Display":"I suspect that X is crazy about members of the opposite sex."}},"ChoiceOrder":[1,2,3,4,5,6,7],"Validation":{"Settings":{"ForceResponse":"OFF","ForceResponseType":"ON","Type":"None"}},"GradingData":[],"Language":[],"NextChoiceId":8,"NextAnswerId":8,"Answers":{"1":{"Display":"1 = All the time"},"2":{"Display":"2"},"3":{"Display":"3"},"4":{"Display":"4"},"5":{"Display":"5"},"6":{"Display":"6"},"7":{"Display":"7 = Never"}},"AnswerOrder":[1,2,3,4,5,6,7],"ChoiceDataExportTags":false}},{"SurveyID":"SV_6kVBjjUT1V1JeXH","Element":"SQ","PrimaryAttribute":"QID2","SecondaryAttribute":"How would you emotionally react to the following situations?","TertiaryAttribute":null,"Payload":{"QuestionText":"How would you emotionally react to the following situations?","DefaultChoices":false,"DataExportTag":"Q2","QuestionID":"QID2","QuestionType":"Matrix","Selector":"Likert","SubSelector":"SingleAnswer","Configuration":{"QuestionDescriptionOption":"UseText","TextPosition":"inline","ChoiceColumnWidth":25,"RepeatHeaders":"none","WhiteSpace":"OFF","MobileFirst":true},"QuestionDescription":"How would you emotionally react to the following situations?","Choices":{"1":{"Display":"X comments to you on how great looking a particular member of the opposite sex is."},"2":{"Display":"X shows a great deal of interested or excitement in talking to someone of the opposite sex."},"3":{"Display":"X smiles in a very friendly manner to someone of the opposite sex."},"4":{"Display":"A member of the opposite sex is trying to get close to X all the time."},"5":{"Display":"X is flirting with someone of the opposite sex."},"6":{"Display":"Someone of the opposite sex is dating X."},"7":{"Display":"X hugs and kisses someone of the opposite sex."},"8":{"Display":"X works very closely with a member of the opposite sex (in school or office)."}},"ChoiceOrder":[1,2,3,4,5,6,7,8],"Validation":{"Settings":{"ForceResponse":"OFF","ForceResponseType":"ON","Type":"None"}},"GradingData":[],"Language":[],"NextChoiceId":9,"NextAnswerId":8,"Answers":{"1":{"Display":"1 = Very pleased"},"2":{"Display":"2"},"3":{"Display":"3"},"4":{"Display":"4"},"5":{"Display":"5"},"6":{"Display":"6"},"7":{"Display":"7 = Very upset"}},"AnswerOrder":[1,2,3,4,5,6,7],"ChoiceDataExportTags":false}}]}