{"SurveyEntry":{"SurveyID":"SV_1STEoavH5K8XKap","SurveyName":"Problematic Internet Use Questionnaire (PIUQ)","SurveyDescription":null,"SurveyOwnerID":"UR_6l4km5abl5GMnyd","SurveyBrandID":"hass","DivisionID":null,"SurveyLanguage":"EN","SurveyActiveResponseSet":"RS_2m04Cf2IpvVsJtr","SurveyStatus":"Inactive","SurveyStartDate":"0000-00-00 00:00:00","SurveyExpirationDate":"0000-00-00 00:00:00","SurveyCreationDate":"2020-06-09 02:43:20","CreatorID":"UR_6l4km5abl5GMnyd","LastModified":"2020-06-09 05:29:38","LastAccessed":"0000-00-00 00:00:00","LastActivated":"2020-06-09 03:12:05","Deleted":null},"SurveyElements":[{"SurveyID":"SV_1STEoavH5K8XKap","Element":"BL","PrimaryAttribute":"Survey Blocks","SecondaryAttribute":null,"TertiaryAttribute":null,"Payload":[{"Type":"Default","Description":"Default Question Block","ID":"BL_brpvGn9gzZTVpE9","BlockElements":[{"Type":"Question","QuestionID":"QID1"},{"Type":"Question","QuestionID":"QID2"},{"Type":"Question","QuestionID":"QID3"},{"Type":"Question","QuestionID":"QID4"},{"Type":"Question","QuestionID":"QID5"},{"Type":"Question","QuestionID":"QID6"},{"Type":"Question","QuestionID":"QID7"},{"Type":"Question","QuestionID":"QID8"},{"Type":"Question","QuestionID":"QID9"},{"Type":"Question","QuestionID":"QID10"},{"Type":"Question","QuestionID":"QID11"},{"Type":"Question","QuestionID":"QID12"},{"Type":"Question","QuestionID":"QID13"},{"Type":"Question","QuestionID":"QID14"},{"Type":"Question","QuestionID":"QID15"},{"Type":"Question","QuestionID":"QID16"},{"Type":"Question","QuestionID":"QID17"},{"Type":"Question","QuestionID":"QID18"}],"Options":{"BlockLocking":"false","RandomizeQuestions":"false","BlockVisibility":"Expanded"}},{"Type":"Trash","Description":"Trash \/ Unused Questions","ID":"BL_a9nF8n54faHBmex"},{"Type":"Standard","SubType":"","Description":"Block 1","ID":"BL_dcA0gVvMvOjBV1X"}]},{"SurveyID":"SV_1STEoavH5K8XKap","Element":"FL","PrimaryAttribute":"Survey Flow","SecondaryAttribute":null,"TertiaryAttribute":null,"Payload":{"Type":"Root","FlowID":"FL_1","Flow":[{"Type":"Block","ID":"BL_brpvGn9gzZTVpE9","FlowID":"FL_2"},{"Type":"EmbeddedData","FlowID":"FL_4","EmbeddedData":[{"Description":"Q_URL","Type":"Recipient","Field":"Q_URL","VariableType":"String","DataVisibility":[],"AnalyzeText":false}]}],"Properties":{"Count":4,"RemovedFieldsets":[]}}},{"SurveyID":"SV_1STEoavH5K8XKap","Element":"SO","PrimaryAttribute":"Survey Options","SecondaryAttribute":null,"TertiaryAttribute":null,"Payload":{"BackButton":"false","SaveAndContinue":"true","SurveyProtection":"PublicSurvey","BallotBoxStuffingPrevention":"false","NoIndex":"Yes","SecureResponseFiles":"true","SurveyExpiration":"None","SurveyTermination":"DefaultMessage","Header":"","Footer":"","ProgressBarDisplay":"None","PartialData":"+1 week","ValidationMessage":"","PreviousButton":" \u2190 ","NextButton":" \u2192 ","SurveyTitle":"Online Survey Software | Qualtrics Survey Solutions","SkinLibrary":"hass","SkinType":"MQ","Skin":"hass1","NewScoring":1,"SurveyName":"Problematic Internet Use Questionnaire (PIUQ)"}},{"SurveyID":"SV_1STEoavH5K8XKap","Element":"SCO","PrimaryAttribute":"Scoring","SecondaryAttribute":null,"TertiaryAttribute":null,"Payload":{"ScoringCategories":[{"ID":"SC_blN7luVSgjgeulD","Name":"Score","Description":""}],"ScoringCategoryGroups":[],"DefaultScoringCategory":"SC_blN7luVSgjgeulD","ScoringSummaryCategory":"SC_blN7luVSgjgeulD","ScoringSummaryAfterQuestions":0,"ScoringSummaryAfterSurvey":0,"AutoScoringCategory":null,"IgnoreNullValues":true}},{"SurveyID":"SV_1STEoavH5K8XKap","Element":"PROJ","PrimaryAttribute":"CORE","SecondaryAttribute":null,"TertiaryAttribute":"1.1.0","Payload":{"ProjectCategory":"CORE","SchemaVersion":"1.1.0"}},{"SurveyID":"SV_1STEoavH5K8XKap","Element":"STAT","PrimaryAttribute":"Survey Statistics","SecondaryAttribute":null,"TertiaryAttribute":null,"Payload":{"MobileCompatible":false,"ID":"Survey Statistics"}},{"SurveyID":"SV_1STEoavH5K8XKap","Element":"QC","PrimaryAttribute":"Survey Question Count","SecondaryAttribute":"18","TertiaryAttribute":null,"Payload":null},{"SurveyID":"SV_1STEoavH5K8XKap","Element":"RS","PrimaryAttribute":"RS_2m04Cf2IpvVsJtr","SecondaryAttribute":"Default Response Set","TertiaryAttribute":null,"Payload":null},{"SurveyID":"SV_1STEoavH5K8XKap","Element":"SQ","PrimaryAttribute":"QID14","SecondaryAttribute":"How often do people in your life complain about spending too much time online?","TertiaryAttribute":null,"Payload":{"QuestionText":"How often do people in your life complain about spending too much time online?","DataExportTag":"Q14","QuestionType":"MC","Selector":"SAHR","SubSelector":"TX","Configuration":{"QuestionDescriptionOption":"UseText","LabelPosition":"BELOW"},"QuestionDescription":"How often do people in your life complain about spending too much time online?","Choices":[],"ChoiceOrder":[],"Validation":{"Settings":{"ForceResponse":"OFF","ForceResponseType":"ON","Type":"None"}},"Language":[],"NextChoiceId":1,"NextAnswerId":1,"QuestionID":"QID14","DynamicChoices":{"DynamicType":"ChoiceGroup","Locator":"q:\/\/QID13\/ChoiceGroup\/AllChoices?displayLogic=0","Type":"Dynamic","Description":"All Choices - Displayed & Hidden"},"DynamicChoicesData":[],"DataVisibility":{"Private":false,"Hidden":false},"GradingData":[{"ChoiceID":"xxxxxxxxxxxxx1","Grades":{"SC_3gQrju41kwds2uF":1},"index":0},{"ChoiceID":"xxxxxxxxxxxxx2","Grades":{"SC_3gQrju41kwds2uF":2},"index":1},{"ChoiceID":"xxxxxxxxxxxxx3","Grades":{"SC_3gQrju41kwds2uF":3},"index":2},{"ChoiceID":"xxxxxxxxxxxxx4","Grades":{"SC_3gQrju41kwds2uF":4},"index":3},{"ChoiceID":"xxxxxxxxxxxxx5","Grades":{"SC_3gQrju41kwds2uF":5},"index":4}]}},{"SurveyID":"SV_1STEoavH5K8XKap","Element":"SQ","PrimaryAttribute":"QID8","SecondaryAttribute":"How often do you choose the Internet rather than being with your partner?","TertiaryAttribute":null,"Payload":{"QuestionText":"How often do you choose the Internet rather than being with your partner?","DataExportTag":"Q8","QuestionType":"MC","Selector":"SAHR","SubSelector":"TX","Configuration":{"QuestionDescriptionOption":"UseText","LabelPosition":"BELOW"},"QuestionDescription":"How often do you choose the Internet rather than being with your partner?","Choices":[],"ChoiceOrder":[],"Validation":{"Settings":{"ForceResponse":"OFF","ForceResponseType":"ON","Type":"None"}},"Language":[],"NextChoiceId":1,"NextAnswerId":1,"QuestionID":"QID8","DynamicChoices":{"DynamicType":"ChoiceGroup","Locator":"q:\/\/QID7\/ChoiceGroup\/AllChoices?displayLogic=0","Type":"Dynamic","Description":"All Choices - Displayed & Hidden"},"DynamicChoicesData":[],"DataVisibility":{"Private":false,"Hidden":false},"GradingData":[{"ChoiceID":"xxxxxxx1","Grades":{"SC_3gQrju41kwds2uF":1},"index":0},{"ChoiceID":"xxxxxxx2","Grades":{"SC_3gQrju41kwds2uF":2},"index":1},{"ChoiceID":"xxxxxxx3","Grades":{"SC_3gQrju41kwds2uF":3},"index":2},{"ChoiceID":"xxxxxxx4","Grades":{"SC_3gQrju41kwds2uF":4},"index":3},{"ChoiceID":"xxxxxxx5","Grades":{"SC_3gQrju41kwds2uF":5},"index":4}]}},{"SurveyID":"SV_1STEoavH5K8XKap","Element":"SQ","PrimaryAttribute":"QID17","SecondaryAttribute":"How often do you choose the Internet rather than going out with somebody to have some fun?","TertiaryAttribute":null,"Payload":{"QuestionText":"How often do you choose the Internet rather than going out with somebody to have some fun?","DataExportTag":"Q17","QuestionType":"MC","Selector":"SAHR","SubSelector":"TX","Configuration":{"QuestionDescriptionOption":"UseText","LabelPosition":"BELOW"},"QuestionDescription":"How often do you choose the Internet rather than going out with somebody to have some fun?","Choices":[],"ChoiceOrder":[],"Validation":{"Settings":{"ForceResponse":"OFF","ForceResponseType":"ON","Type":"None"}},"Language":[],"NextChoiceId":1,"NextAnswerId":1,"QuestionID":"QID17","DynamicChoices":{"DynamicType":"ChoiceGroup","Locator":"q:\/\/QID16\/ChoiceGroup\/AllChoices?displayLogic=0","Type":"Dynamic","Description":"All Choices - Displayed & Hidden"},"DynamicChoicesData":[],"DataVisibility":{"Private":false,"Hidden":false},"GradingData":[{"ChoiceID":"xxxxxxxxxxxxxxxx1","Grades":{"SC_3gQrju41kwds2uF":1},"index":0},{"ChoiceID":"xxxxxxxxxxxxxxxx2","Grades":{"SC_3gQrju41kwds2uF":2},"index":1},{"ChoiceID":"xxxxxxxxxxxxxxxx3","Grades":{"SC_3gQrju41kwds2uF":3},"index":2},{"ChoiceID":"xxxxxxxxxxxxxxxx4","Grades":{"SC_3gQrju41kwds2uF":4},"index":3},{"ChoiceID":"xxxxxxxxxxxxxxxx5","Grades":{"SC_3gQrju41kwds2uF":5},"index":4}]}},{"SurveyID":"SV_1STEoavH5K8XKap","Element":"SQ","PrimaryAttribute":"QID4","SecondaryAttribute":"How often do you daydream about the Internet?","TertiaryAttribute":null,"Payload":{"QuestionText":"<span style=\"font-size:11.0pt;line-height:107%;\nfont-family:&quot;Calibri&quot;,sans-serif;mso-ascii-theme-font:minor-latin;mso-fareast-font-family:\nCalibri;mso-fareast-theme-font:minor-latin;mso-hansi-theme-font:minor-latin;\nmso-bidi-font-family:Arial;mso-bidi-theme-font:minor-bidi;mso-ansi-language:\nEN-GB;mso-fareast-language:EN-US;mso-bidi-language:AR-SA\">How often do you\ndaydream about the Internet?<\/span>","DataExportTag":"Q4","QuestionType":"MC","Selector":"SAHR","SubSelector":"TX","Configuration":{"QuestionDescriptionOption":"UseText","LabelPosition":"BELOW"},"QuestionDescription":"How often do you daydream about the Internet?","Choices":[],"ChoiceOrder":[],"Validation":{"Settings":{"ForceResponse":"OFF","ForceResponseType":"ON","Type":"None"}},"Language":[],"NextChoiceId":1,"NextAnswerId":1,"QuestionID":"QID4","DynamicChoices":{"DynamicType":"ChoiceGroup","Locator":"q:\/\/QID3\/ChoiceGroup\/AllChoices?displayLogic=0","Type":"Dynamic","Description":"All Choices - Displayed & Hidden"},"DynamicChoicesData":[],"DataVisibility":{"Private":false,"Hidden":false},"GradingData":[{"ChoiceID":"xxx1","Grades":{"SC_3gQrju41kwds2uF":1},"index":0},{"ChoiceID":"xxx2","Grades":{"SC_3gQrju41kwds2uF":2},"index":1},{"ChoiceID":"xxx3","Grades":{"SC_3gQrju41kwds2uF":3},"index":2},{"ChoiceID":"xxx4","Grades":{"SC_3gQrju41kwds2uF":4},"index":3},{"ChoiceID":"xxx5","Grades":{"SC_3gQrju41kwds2uF":5},"index":4}]}},{"SurveyID":"SV_1STEoavH5K8XKap","Element":"SQ","PrimaryAttribute":"QID16","SecondaryAttribute":"How often do you dream about the Internet?","TertiaryAttribute":null,"Payload":{"QuestionText":"How often do you dream about the Internet?","DataExportTag":"Q16","QuestionType":"MC","Selector":"SAHR","SubSelector":"TX","Configuration":{"QuestionDescriptionOption":"UseText","LabelPosition":"BELOW"},"QuestionDescription":"How often do you dream about the Internet?","Choices":[],"ChoiceOrder":[],"Validation":{"Settings":{"ForceResponse":"OFF","ForceResponseType":"ON","Type":"None"}},"Language":[],"NextChoiceId":1,"NextAnswerId":1,"QuestionID":"QID16","DynamicChoices":{"DynamicType":"ChoiceGroup","Locator":"q:\/\/QID15\/ChoiceGroup\/AllChoices?displayLogic=0","Type":"Dynamic","Description":"All Choices - Displayed & Hidden"},"DynamicChoicesData":[],"DataVisibility":{"Private":false,"Hidden":false},"GradingData":[{"ChoiceID":"xxxxxxxxxxxxxxx1","Grades":{"SC_3gQrju41kwds2uF":1},"index":0},{"ChoiceID":"xxxxxxxxxxxxxxx2","Grades":{"SC_3gQrju41kwds2uF":2},"index":1},{"ChoiceID":"xxxxxxxxxxxxxxx3","Grades":{"SC_3gQrju41kwds2uF":3},"index":2},{"ChoiceID":"xxxxxxxxxxxxxxx4","Grades":{"SC_3gQrju41kwds2uF":4},"index":3},{"ChoiceID":"xxxxxxxxxxxxxxx5","Grades":{"SC_3gQrju41kwds2uF":5},"index":4}]}},{"SurveyID":"SV_1STEoavH5K8XKap","Element":"SQ","PrimaryAttribute":"QID1","SecondaryAttribute":"How often do you fantasize about the Internet, or think about what it would be like to be online...","TertiaryAttribute":null,"Payload":{"QuestionText":"<span style=\"font-size:11.0pt;line-height:107%;\nfont-family:&quot;Calibri&quot;,sans-serif;mso-ascii-theme-font:minor-latin;mso-fareast-font-family:\nCalibri;mso-fareast-theme-font:minor-latin;mso-hansi-theme-font:minor-latin;\nmso-bidi-font-family:Arial;mso-bidi-theme-font:minor-bidi;mso-ansi-language:\nEN-GB;mso-fareast-language:EN-US;mso-bidi-language:AR-SA\">How often do you\nfantasize about the Internet, or think about what it would be like to be online\nwhen you are not on the Internet?<\/span>","DataExportTag":"Q1","QuestionType":"MC","Selector":"SAHR","SubSelector":"TX","Configuration":{"QuestionDescriptionOption":"UseText","LabelPosition":"BELOW"},"QuestionDescription":"How often do you fantasize about the Internet, or think about what it would be like to be online...","Choices":{"1":{"Display":"never"},"2":{"Display":"rarely"},"3":{"Display":"sometimes"},"4":{"Display":"often"},"5":{"Display":"always"}},"ChoiceOrder":["1","2","3","4","5"],"Validation":{"Settings":{"ForceResponse":"OFF","ForceResponseType":"ON","Type":"None"}},"Language":[],"NextChoiceId":6,"NextAnswerId":1,"QuestionID":"QID1","DataVisibility":{"Private":false,"Hidden":false},"GradingData":[{"ChoiceID":"1","Grades":{"SC_3gQrju41kwds2uF":"1"},"index":0},{"ChoiceID":"2","Grades":{"SC_3gQrju41kwds2uF":"2"},"index":1},{"ChoiceID":"3","Grades":{"SC_3gQrju41kwds2uF":"3"},"index":2},{"ChoiceID":"4","Grades":{"SC_3gQrju41kwds2uF":"4"},"index":3},{"ChoiceID":"5","Grades":{"SC_3gQrju41kwds2uF":"5"},"index":4}]}},{"SurveyID":"SV_1STEoavH5K8XKap","Element":"SQ","PrimaryAttribute":"QID7","SecondaryAttribute":"How often do you feel tense, irritated, or stressed if you cannot use the Internet for as long as...","TertiaryAttribute":null,"Payload":{"QuestionText":"How often do you feel tense, irritated, or stressed if you cannot use the Internet for as long as you want to?","DataExportTag":"Q7","QuestionType":"MC","Selector":"SAHR","SubSelector":"TX","Configuration":{"QuestionDescriptionOption":"UseText","LabelPosition":"BELOW"},"QuestionDescription":"How often do you feel tense, irritated, or stressed if you cannot use the Internet for as long as...","Choices":[],"ChoiceOrder":[],"Validation":{"Settings":{"ForceResponse":"OFF","ForceResponseType":"ON","Type":"None"}},"Language":[],"NextChoiceId":1,"NextAnswerId":1,"QuestionID":"QID7","DynamicChoices":{"DynamicType":"ChoiceGroup","Locator":"q:\/\/QID6\/ChoiceGroup\/AllChoices?displayLogic=0","Type":"Dynamic","Description":"All Choices - Displayed & Hidden"},"DynamicChoicesData":[],"DataVisibility":{"Private":false,"Hidden":false},"GradingData":[{"ChoiceID":"xxxxxx1","Grades":{"SC_3gQrju41kwds2uF":1},"index":0},{"ChoiceID":"xxxxxx2","Grades":{"SC_3gQrju41kwds2uF":2},"index":1},{"ChoiceID":"xxxxxx3","Grades":{"SC_3gQrju41kwds2uF":3},"index":2},{"ChoiceID":"xxxxxx4","Grades":{"SC_3gQrju41kwds2uF":4},"index":3},{"ChoiceID":"xxxxxx5","Grades":{"SC_3gQrju41kwds2uF":5},"index":4}]}},{"SurveyID":"SV_1STEoavH5K8XKap","Element":"SQ","PrimaryAttribute":"QID10","SecondaryAttribute":"How often do you feel tense, irritated, or stressed if you cannot use the Internet for several days?","TertiaryAttribute":null,"Payload":{"QuestionText":"How often do you feel tense, irritated, or stressed if you cannot use the Internet for several days?","DataExportTag":"Q10","QuestionType":"MC","Selector":"SAHR","SubSelector":"TX","Configuration":{"QuestionDescriptionOption":"UseText","LabelPosition":"BELOW"},"QuestionDescription":"How often do you feel tense, irritated, or stressed if you cannot use the Internet for several days?","Choices":[],"ChoiceOrder":[],"Validation":{"Settings":{"ForceResponse":"OFF","ForceResponseType":"ON","Type":"None"}},"Language":[],"NextChoiceId":1,"NextAnswerId":1,"QuestionID":"QID10","DynamicChoices":{"DynamicType":"ChoiceGroup","Locator":"q:\/\/QID9\/ChoiceGroup\/AllChoices?displayLogic=0","Type":"Dynamic","Description":"All Choices - Displayed & Hidden"},"DynamicChoicesData":[],"DataVisibility":{"Private":false,"Hidden":false},"GradingData":[{"ChoiceID":"xxxxxxxxx1","Grades":{"SC_3gQrju41kwds2uF":1},"index":0},{"ChoiceID":"xxxxxxxxx2","Grades":{"SC_3gQrju41kwds2uF":2},"index":1},{"ChoiceID":"xxxxxxxxx3","Grades":{"SC_3gQrju41kwds2uF":3},"index":2},{"ChoiceID":"xxxxxxxxx4","Grades":{"SC_3gQrju41kwds2uF":4},"index":3},{"ChoiceID":"xxxxxxxxx5","Grades":{"SC_3gQrju41kwds2uF":5},"index":4}]}},{"SurveyID":"SV_1STEoavH5K8XKap","Element":"SQ","PrimaryAttribute":"QID3","SecondaryAttribute":"How often do you feel that you should decrease the amount of time spent online?","TertiaryAttribute":null,"Payload":{"QuestionText":"How often do you feel that you should decrease the amount of time spent online?","DataExportTag":"Q3","QuestionType":"MC","Selector":"SAHR","SubSelector":"TX","Configuration":{"QuestionDescriptionOption":"UseText","LabelPosition":"BELOW"},"QuestionDescription":"How often do you feel that you should decrease the amount of time spent online?","Choices":[],"ChoiceOrder":[],"Validation":{"Settings":{"ForceResponse":"OFF","ForceResponseType":"ON","Type":"None"}},"Language":[],"NextChoiceId":1,"NextAnswerId":1,"QuestionID":"QID3","DynamicChoices":{"DynamicType":"ChoiceGroup","Locator":"q:\/\/QID2\/ChoiceGroup\/AllChoices?displayLogic=0","Type":"Dynamic","Description":"All Choices - Displayed & Hidden"},"DynamicChoicesData":[],"DataVisibility":{"Private":false,"Hidden":false},"GradingData":[{"ChoiceID":"xx1","Grades":{"SC_3gQrju41kwds2uF":1},"index":0},{"ChoiceID":"xx2","Grades":{"SC_3gQrju41kwds2uF":2},"index":1},{"ChoiceID":"xx3","Grades":{"SC_3gQrju41kwds2uF":3},"index":2},{"ChoiceID":"xx4","Grades":{"SC_3gQrju41kwds2uF":4},"index":3},{"ChoiceID":"xx5","Grades":{"SC_3gQrju41kwds2uF":5},"index":4}]}},{"SurveyID":"SV_1STEoavH5K8XKap","Element":"SQ","PrimaryAttribute":"QID12","SecondaryAttribute":"How often do you feel that your Internet usage causes problems for you?","TertiaryAttribute":null,"Payload":{"QuestionText":"How often do you feel that your Internet usage causes problems for you?","DataExportTag":"Q12","QuestionType":"MC","Selector":"SAHR","SubSelector":"TX","Configuration":{"QuestionDescriptionOption":"UseText","LabelPosition":"BELOW"},"QuestionDescription":"How often do you feel that your Internet usage causes problems for you?","Choices":[],"ChoiceOrder":[],"Validation":{"Settings":{"ForceResponse":"OFF","ForceResponseType":"ON","Type":"None"}},"Language":[],"NextChoiceId":1,"NextAnswerId":1,"QuestionID":"QID12","DynamicChoices":{"DynamicType":"ChoiceGroup","Locator":"q:\/\/QID11\/ChoiceGroup\/AllChoices?displayLogic=0","Type":"Dynamic","Description":"All Choices - Displayed & Hidden"},"DynamicChoicesData":[],"DataVisibility":{"Private":false,"Hidden":false},"GradingData":[{"ChoiceID":"xxxxxxxxxxx1","Grades":{"SC_3gQrju41kwds2uF":1},"index":0},{"ChoiceID":"xxxxxxxxxxx2","Grades":{"SC_3gQrju41kwds2uF":2},"index":1},{"ChoiceID":"xxxxxxxxxxx3","Grades":{"SC_3gQrju41kwds2uF":3},"index":2},{"ChoiceID":"xxxxxxxxxxx4","Grades":{"SC_3gQrju41kwds2uF":4},"index":3},{"ChoiceID":"xxxxxxxxxxx5","Grades":{"SC_3gQrju41kwds2uF":5},"index":4}]}},{"SurveyID":"SV_1STEoavH5K8XKap","Element":"SQ","PrimaryAttribute":"QID2","SecondaryAttribute":"How often do you neglect household chores to spend more time online?","TertiaryAttribute":null,"Payload":{"QuestionText":"<span style=\"font-size:11.0pt;line-height:107%;\nfont-family:&quot;Calibri&quot;,sans-serif;mso-ascii-theme-font:minor-latin;mso-fareast-font-family:\nCalibri;mso-fareast-theme-font:minor-latin;mso-hansi-theme-font:minor-latin;\nmso-bidi-font-family:Arial;mso-bidi-theme-font:minor-bidi;mso-ansi-language:\nEN-GB;mso-fareast-language:EN-US;mso-bidi-language:AR-SA\">How often do you\nneglect household chores to spend more time online?<\/span>","DataExportTag":"Q2","QuestionType":"MC","Selector":"SAHR","SubSelector":"TX","Configuration":{"QuestionDescriptionOption":"UseText","LabelPosition":"BELOW"},"QuestionDescription":"How often do you neglect household chores to spend more time online?","Choices":[],"ChoiceOrder":[],"Validation":{"Settings":{"ForceResponse":"OFF","ForceResponseType":"ON","Type":"None"}},"Language":[],"NextChoiceId":1,"NextAnswerId":1,"QuestionID":"QID2","DynamicChoices":{"DynamicType":"ChoiceGroup","Locator":"q:\/\/QID1\/ChoiceGroup\/AllChoices?displayLogic=0","Type":"Dynamic","Description":"All Choices - Displayed & Hidden"},"DynamicChoicesData":[],"DataVisibility":{"Private":false,"Hidden":false},"GradingData":[{"ChoiceID":"x1","Grades":{"SC_3gQrju41kwds2uF":1},"index":0},{"ChoiceID":"x2","Grades":{"SC_3gQrju41kwds2uF":2},"index":1},{"ChoiceID":"x3","Grades":{"SC_3gQrju41kwds2uF":3},"index":2},{"ChoiceID":"x4","Grades":{"SC_3gQrju41kwds2uF":4},"index":3},{"ChoiceID":"x5","Grades":{"SC_3gQrju41kwds2uF":5},"index":4}]}},{"SurveyID":"SV_1STEoavH5K8XKap","Element":"SQ","PrimaryAttribute":"QID15","SecondaryAttribute":"How often do you realize saying when you are online, \u201cjust a couple of more minutes and I will st.","TertiaryAttribute":null,"Payload":{"QuestionText":"How often do you realize saying when you are online, \u201cjust a couple of more minutes and I will stop\u201d?","DataExportTag":"Q15","QuestionType":"MC","Selector":"SAHR","SubSelector":"TX","Configuration":{"QuestionDescriptionOption":"UseText","LabelPosition":"BELOW"},"QuestionDescription":"How often do you realize saying when you are online, \u201cjust a couple of more minutes and I will st...","Choices":[],"ChoiceOrder":[],"Validation":{"Settings":{"ForceResponse":"OFF","ForceResponseType":"ON","Type":"None"}},"Language":[],"NextChoiceId":1,"NextAnswerId":1,"QuestionID":"QID15","DynamicChoices":{"DynamicType":"ChoiceGroup","Locator":"q:\/\/QID14\/ChoiceGroup\/AllChoices?displayLogic=0","Type":"Dynamic","Description":"All Choices - Displayed & Hidden"},"DynamicChoicesData":[],"DataVisibility":{"Private":false,"Hidden":false},"GradingData":[{"ChoiceID":"xxxxxxxxxxxxxx1","Grades":{"SC_3gQrju41kwds2uF":1},"index":0},{"ChoiceID":"xxxxxxxxxxxxxx2","Grades":{"SC_3gQrju41kwds2uF":2},"index":1},{"ChoiceID":"xxxxxxxxxxxxxx3","Grades":{"SC_3gQrju41kwds2uF":3},"index":2},{"ChoiceID":"xxxxxxxxxxxxxx4","Grades":{"SC_3gQrju41kwds2uF":4},"index":3},{"ChoiceID":"xxxxxxxxxxxxxx5","Grades":{"SC_3gQrju41kwds2uF":5},"index":4}]}},{"SurveyID":"SV_1STEoavH5K8XKap","Element":"SQ","PrimaryAttribute":"QID5","SecondaryAttribute":"How often do you spend time online when you\u2019d rather sleep?","TertiaryAttribute":null,"Payload":{"QuestionText":"<div>How often do you spend time online when you\u2019d rather sleep?<\/div><div><br><\/div>","DataExportTag":"Q5","QuestionType":"MC","Selector":"SAHR","SubSelector":"TX","Configuration":{"QuestionDescriptionOption":"UseText","LabelPosition":"BELOW"},"QuestionDescription":"How often do you spend time online when you\u2019d rather sleep?","Choices":[],"ChoiceOrder":[],"Validation":{"Settings":{"ForceResponse":"OFF","ForceResponseType":"ON","Type":"None"}},"Language":[],"NextChoiceId":1,"NextAnswerId":1,"QuestionID":"QID5","DynamicChoices":{"DynamicType":"ChoiceGroup","Locator":"q:\/\/QID4\/ChoiceGroup\/AllChoices?displayLogic=0","Type":"Dynamic","Description":"All Choices - Displayed & Hidden"},"DynamicChoicesData":[],"DataVisibility":{"Private":false,"Hidden":false},"GradingData":[{"ChoiceID":"xxxx1","Grades":{"SC_3gQrju41kwds2uF":1},"index":0},{"ChoiceID":"xxxx2","Grades":{"SC_3gQrju41kwds2uF":2},"index":1},{"ChoiceID":"xxxx3","Grades":{"SC_3gQrju41kwds2uF":3},"index":2},{"ChoiceID":"xxxx4","Grades":{"SC_3gQrju41kwds2uF":4},"index":3},{"ChoiceID":"xxxx5","Grades":{"SC_3gQrju41kwds2uF":5},"index":4}]}},{"SurveyID":"SV_1STEoavH5K8XKap","Element":"SQ","PrimaryAttribute":"QID18","SecondaryAttribute":"How often do you think that you should ask for help in relation to your Internet use? ","TertiaryAttribute":null,"Payload":{"QuestionText":"How often do you think that you should ask for help in relation to your Internet use?&nbsp;","DataExportTag":"Q18","QuestionType":"MC","Selector":"SAHR","SubSelector":"TX","Configuration":{"QuestionDescriptionOption":"UseText","LabelPosition":"BELOW"},"QuestionDescription":"How often do you think that you should ask for help in relation to your Internet use? ","Choices":[],"ChoiceOrder":[],"Validation":{"Settings":{"ForceResponse":"OFF","ForceResponseType":"ON","Type":"None"}},"Language":[],"NextChoiceId":1,"NextAnswerId":1,"QuestionID":"QID18","DynamicChoices":{"DynamicType":"ChoiceGroup","Locator":"q:\/\/QID17\/ChoiceGroup\/AllChoices?displayLogic=0","Type":"Dynamic","Description":"All Choices - Displayed & Hidden"},"DynamicChoicesData":[],"DataVisibility":{"Private":false,"Hidden":false},"GradingData":[{"ChoiceID":"xxxxxxxxxxxxxxxxx1","Grades":{"SC_3gQrju41kwds2uF":1},"index":0},{"ChoiceID":"xxxxxxxxxxxxxxxxx2","Grades":{"SC_3gQrju41kwds2uF":2},"index":1},{"ChoiceID":"xxxxxxxxxxxxxxxxx3","Grades":{"SC_3gQrju41kwds2uF":3},"index":2},{"ChoiceID":"xxxxxxxxxxxxxxxxx4","Grades":{"SC_3gQrju41kwds2uF":4},"index":3},{"ChoiceID":"xxxxxxxxxxxxxxxxx5","Grades":{"SC_3gQrju41kwds2uF":5},"index":4}]}},{"SurveyID":"SV_1STEoavH5K8XKap","Element":"SQ","PrimaryAttribute":"QID9","SecondaryAttribute":"How often do you try to conceal the amount of time spent online?","TertiaryAttribute":null,"Payload":{"QuestionText":"How often do you try to conceal the amount of time spent online?","DataExportTag":"Q9","QuestionType":"MC","Selector":"SAHR","SubSelector":"TX","Configuration":{"QuestionDescriptionOption":"UseText","LabelPosition":"BELOW"},"QuestionDescription":"How often do you try to conceal the amount of time spent online?","Choices":[],"ChoiceOrder":[],"Validation":{"Settings":{"ForceResponse":"OFF","ForceResponseType":"ON","Type":"None"}},"Language":[],"NextChoiceId":1,"NextAnswerId":1,"QuestionID":"QID9","DynamicChoices":{"DynamicType":"ChoiceGroup","Locator":"q:\/\/QID8\/ChoiceGroup\/AllChoices?displayLogic=0","Type":"Dynamic","Description":"All Choices - Displayed & Hidden"},"DynamicChoicesData":[],"DataVisibility":{"Private":false,"Hidden":false},"GradingData":[{"ChoiceID":"xxxxxxxx1","Grades":{"SC_3gQrju41kwds2uF":1},"index":0},{"ChoiceID":"xxxxxxxx2","Grades":{"SC_3gQrju41kwds2uF":2},"index":1},{"ChoiceID":"xxxxxxxx3","Grades":{"SC_3gQrju41kwds2uF":3},"index":2},{"ChoiceID":"xxxxxxxx4","Grades":{"SC_3gQrju41kwds2uF":4},"index":3},{"ChoiceID":"xxxxxxxx5","Grades":{"SC_3gQrju41kwds2uF":5},"index":4}]}},{"SurveyID":"SV_1STEoavH5K8XKap","Element":"SQ","PrimaryAttribute":"QID13","SecondaryAttribute":"How often does it happen to you that you feel depressed, moody, or nervous when you are not on th...","TertiaryAttribute":null,"Payload":{"QuestionText":"How often does it happen to you that you feel depressed, moody, or nervous when you are not on the Internet and these feelings stop once you are back online?","DataExportTag":"Q13","QuestionType":"MC","Selector":"SAHR","SubSelector":"TX","Configuration":{"QuestionDescriptionOption":"UseText","LabelPosition":"BELOW"},"QuestionDescription":"How often does it happen to you that you feel depressed, moody, or nervous when you are not on th...","Choices":[],"ChoiceOrder":[],"Validation":{"Settings":{"ForceResponse":"OFF","ForceResponseType":"ON","Type":"None"}},"Language":[],"NextChoiceId":1,"NextAnswerId":1,"QuestionID":"QID13","DynamicChoices":{"DynamicType":"ChoiceGroup","Locator":"q:\/\/QID12\/ChoiceGroup\/AllChoices?displayLogic=0","Type":"Dynamic","Description":"All Choices - Displayed & Hidden"},"DynamicChoicesData":[],"DataVisibility":{"Private":false,"Hidden":false},"GradingData":[{"ChoiceID":"xxxxxxxxxxxx1","Grades":{"SC_3gQrju41kwds2uF":1},"index":0},{"ChoiceID":"xxxxxxxxxxxx2","Grades":{"SC_3gQrju41kwds2uF":2},"index":1},{"ChoiceID":"xxxxxxxxxxxx3","Grades":{"SC_3gQrju41kwds2uF":3},"index":2},{"ChoiceID":"xxxxxxxxxxxx4","Grades":{"SC_3gQrju41kwds2uF":4},"index":3},{"ChoiceID":"xxxxxxxxxxxx5","Grades":{"SC_3gQrju41kwds2uF":5},"index":4}]}},{"SurveyID":"SV_1STEoavH5K8XKap","Element":"SQ","PrimaryAttribute":"QID6","SecondaryAttribute":"How often does it happen to you that you wish to decrease the amount of time spent online but you...","TertiaryAttribute":null,"Payload":{"QuestionText":"How often does it happen to you that you wish to decrease the amount of time spent online but you do not succeed?","DataExportTag":"Q6","QuestionType":"MC","Selector":"SAHR","SubSelector":"TX","Configuration":{"QuestionDescriptionOption":"UseText","LabelPosition":"BELOW"},"QuestionDescription":"How often does it happen to you that you wish to decrease the amount of time spent online but you...","Choices":[],"ChoiceOrder":[],"Validation":{"Settings":{"ForceResponse":"OFF","ForceResponseType":"ON","Type":"None"}},"Language":[],"NextChoiceId":1,"NextAnswerId":1,"QuestionID":"QID6","DynamicChoices":{"DynamicType":"ChoiceGroup","Locator":"q:\/\/QID5\/ChoiceGroup\/AllChoices?displayLogic=0","Type":"Dynamic","Description":"All Choices - Displayed & Hidden"},"DynamicChoicesData":[],"DataVisibility":{"Private":false,"Hidden":false},"GradingData":[{"ChoiceID":"xxxxx1","Grades":{"SC_3gQrju41kwds2uF":1},"index":0},{"ChoiceID":"xxxxx2","Grades":{"SC_3gQrju41kwds2uF":2},"index":1},{"ChoiceID":"xxxxx3","Grades":{"SC_3gQrju41kwds2uF":3},"index":2},{"ChoiceID":"xxxxx4","Grades":{"SC_3gQrju41kwds2uF":4},"index":3},{"ChoiceID":"xxxxx5","Grades":{"SC_3gQrju41kwds2uF":5},"index":4}]}},{"SurveyID":"SV_1STEoavH5K8XKap","Element":"SQ","PrimaryAttribute":"QID11","SecondaryAttribute":"How often does the use of the Internet impair your work or your efficacy?","TertiaryAttribute":null,"Payload":{"QuestionText":"How often does the use of the Internet impair your work or your efficacy?","DataExportTag":"Q11","QuestionType":"MC","Selector":"SAHR","SubSelector":"TX","Configuration":{"QuestionDescriptionOption":"UseText","LabelPosition":"BELOW"},"QuestionDescription":"How often does the use of the Internet impair your work or your efficacy?","Choices":[],"ChoiceOrder":[],"Validation":{"Settings":{"ForceResponse":"OFF","ForceResponseType":"ON","Type":"None"}},"Language":[],"NextChoiceId":1,"NextAnswerId":1,"QuestionID":"QID11","DynamicChoices":{"DynamicType":"ChoiceGroup","Locator":"q:\/\/QID10\/ChoiceGroup\/AllChoices?displayLogic=0","Type":"Dynamic","Description":"All Choices - Displayed & Hidden"},"DynamicChoicesData":[],"DataVisibility":{"Private":false,"Hidden":false},"GradingData":[{"ChoiceID":"xxxxxxxxxx1","Grades":{"SC_3gQrju41kwds2uF":1},"index":0},{"ChoiceID":"xxxxxxxxxx2","Grades":{"SC_3gQrju41kwds2uF":2},"index":1},{"ChoiceID":"xxxxxxxxxx3","Grades":{"SC_3gQrju41kwds2uF":3},"index":2},{"ChoiceID":"xxxxxxxxxx4","Grades":{"SC_3gQrju41kwds2uF":4},"index":3},{"ChoiceID":"xxxxxxxxxx5","Grades":{"SC_3gQrju41kwds2uF":5},"index":4}]}}]}