{"SurveyEntry":{"SurveyID":"SV_1RqNyeh63NphIj3","SurveyName":"Satisfaction of Life Scale","SurveyDescription":null,"SurveyOwnerID":"UR_6l4km5abl5GMnyd","SurveyBrandID":"hass","DivisionID":null,"SurveyLanguage":"EN","SurveyActiveResponseSet":"RS_3I9SF4C9bQW6wpT","SurveyStatus":"Inactive","SurveyStartDate":"0000-00-00 00:00:00","SurveyExpirationDate":"0000-00-00 00:00:00","SurveyCreationDate":"2020-09-11 04:22:24","CreatorID":"UR_6l4km5abl5GMnyd","LastModified":"2020-09-11 04:24:01","LastAccessed":"0000-00-00 00:00:00","LastActivated":"0000-00-00 00:00:00","Deleted":null},"SurveyElements":[{"SurveyID":"SV_1RqNyeh63NphIj3","Element":"BL","PrimaryAttribute":"Survey Blocks","SecondaryAttribute":null,"TertiaryAttribute":null,"Payload":[{"Type":"Default","Description":"Default Question Block","ID":"BL_50ju3aCqmlPyScR","BlockElements":[{"Type":"Question","QuestionID":"QID1"}]},{"Type":"Trash","Description":"Trash \/ Unused Questions","ID":"BL_b8AY6ScrzxkQQGV"}]},{"SurveyID":"SV_1RqNyeh63NphIj3","Element":"FL","PrimaryAttribute":"Survey Flow","SecondaryAttribute":null,"TertiaryAttribute":null,"Payload":{"Flow":[{"ID":"BL_50ju3aCqmlPyScR","Type":"Block","FlowID":"FL_2"}],"Properties":{"Count":2},"FlowID":"FL_1","Type":"Root"}},{"SurveyID":"SV_1RqNyeh63NphIj3","Element":"SO","PrimaryAttribute":"Survey Options","SecondaryAttribute":null,"TertiaryAttribute":null,"Payload":{"BackButton":"false","SaveAndContinue":"true","SurveyProtection":"PublicSurvey","BallotBoxStuffingPrevention":"false","NoIndex":"Yes","SecureResponseFiles":"true","SurveyExpiration":"None","SurveyTermination":"DefaultMessage","Header":"","Footer":"","ProgressBarDisplay":"None","PartialData":"+1 week","ValidationMessage":"","PreviousButton":" \u2190 ","NextButton":" \u2192 ","SurveyTitle":"Online Survey Software | Qualtrics Survey Solutions","SkinLibrary":"hass","SkinType":"MQ","Skin":"hass1","NewScoring":1}},{"SurveyID":"SV_1RqNyeh63NphIj3","Element":"SCO","PrimaryAttribute":"Scoring","SecondaryAttribute":null,"TertiaryAttribute":null,"Payload":{"ScoringCategories":[],"ScoringCategoryGroups":[],"ScoringSummaryCategory":null,"ScoringSummaryAfterQuestions":0,"ScoringSummaryAfterSurvey":0,"DefaultScoringCategory":null,"AutoScoringCategory":null}},{"SurveyID":"SV_1RqNyeh63NphIj3","Element":"PROJ","PrimaryAttribute":"CORE","SecondaryAttribute":null,"TertiaryAttribute":"1.1.0","Payload":{"ProjectCategory":"CORE","SchemaVersion":"1.1.0"}},{"SurveyID":"SV_1RqNyeh63NphIj3","Element":"STAT","PrimaryAttribute":"Survey Statistics","SecondaryAttribute":null,"TertiaryAttribute":null,"Payload":{"MobileCompatible":false,"ID":"Survey Statistics"}},{"SurveyID":"SV_1RqNyeh63NphIj3","Element":"QC","PrimaryAttribute":"Survey Question Count","SecondaryAttribute":"1","TertiaryAttribute":null,"Payload":null},{"SurveyID":"SV_1RqNyeh63NphIj3","Element":"SQ","PrimaryAttribute":"QID1","SecondaryAttribute":"Below are five statements that you may agree or disagree with. Using the 1 - 7 scale below, indic...","TertiaryAttribute":null,"Payload":{"QuestionText":"Below are five statements that you may agree or disagree with. Using the 1 - 7 scale below, indicate your agreement with each item by placing the appropriate number on the line preceding that item. Please be open and honest in your responding.","DefaultChoices":false,"DataExportTag":"Q1","QuestionType":"Matrix","Selector":"Likert","SubSelector":"SingleAnswer","Configuration":{"QuestionDescriptionOption":"UseText","TextPosition":"inline","ChoiceColumnWidth":25,"RepeatHeaders":"none","WhiteSpace":"OFF","MobileFirst":true},"QuestionDescription":"Below are five statements that you may agree or disagree with. Using the 1 - 7 scale below, indic...","Choices":{"1":{"Display":"In most ways my life is close to my ideal."},"2":{"Display":"The conditions of my life are excellent."},"3":{"Display":"I am satisfied with my life."},"4":{"Display":"So far I have gotten the important things I want in life."},"5":{"Display":"If I could live my life over, I would change almost nothing"}},"ChoiceOrder":[1,2,3,4,5],"Validation":{"Settings":{"ForceResponse":"OFF","ForceResponseType":"ON","Type":"None"}},"GradingData":[],"Language":[],"NextChoiceId":6,"NextAnswerId":8,"Answers":{"1":{"Display":"Strongly agree"},"2":{"Display":"Agree"},"3":{"Display":"Slightly agree"},"4":{"Display":"Neither agree nor disagree"},"5":{"Display":"Slightly disagree"},"6":{"Display":"Disagree"},"7":{"Display":"Strongly disagree"}},"AnswerOrder":["1","2","3","4","5","6","7"],"ChoiceDataExportTags":false,"QuestionID":"QID1"}},{"SurveyID":"SV_1RqNyeh63NphIj3","Element":"RS","PrimaryAttribute":"RS_3I9SF4C9bQW6wpT","SecondaryAttribute":"Default Response Set","TertiaryAttribute":null,"Payload":null}]}