{"SurveyEntry":{"SurveyID":"SV_0SuPeC2mxiG2gh7","SurveyName":"Social and Economic Conservatism Scale (SECS)","SurveyDescription":null,"SurveyOwnerID":"UR_6l4km5abl5GMnyd","SurveyBrandID":"hass","DivisionID":null,"SurveyLanguage":"EN","SurveyActiveResponseSet":"RS_enQqSjYzM4tAMzb","SurveyStatus":"Inactive","SurveyStartDate":"0000-00-00 00:00:00","SurveyExpirationDate":"0000-00-00 00:00:00","SurveyCreationDate":"2020-09-11 02:44:20","CreatorID":"UR_6l4km5abl5GMnyd","LastModified":"2020-09-11 02:47:45","LastAccessed":"0000-00-00 00:00:00","LastActivated":"0000-00-00 00:00:00","Deleted":null},"SurveyElements":[{"SurveyID":"SV_0SuPeC2mxiG2gh7","Element":"BL","PrimaryAttribute":"Survey Blocks","SecondaryAttribute":null,"TertiaryAttribute":null,"Payload":[{"Type":"Default","Description":"Default Question Block","ID":"BL_8vpK5CrYzY3Vj49","BlockElements":[{"Type":"Question","QuestionID":"QID1"}]},{"Type":"Trash","Description":"Trash \/ Unused Questions","ID":"BL_cIvb5MZRbkbwYHH"}]},{"SurveyID":"SV_0SuPeC2mxiG2gh7","Element":"FL","PrimaryAttribute":"Survey Flow","SecondaryAttribute":null,"TertiaryAttribute":null,"Payload":{"Flow":[{"ID":"BL_8vpK5CrYzY3Vj49","Type":"Block","FlowID":"FL_2"}],"Properties":{"Count":2},"FlowID":"FL_1","Type":"Root"}},{"SurveyID":"SV_0SuPeC2mxiG2gh7","Element":"SO","PrimaryAttribute":"Survey Options","SecondaryAttribute":null,"TertiaryAttribute":null,"Payload":{"BackButton":"false","SaveAndContinue":"true","SurveyProtection":"PublicSurvey","BallotBoxStuffingPrevention":"false","NoIndex":"Yes","SecureResponseFiles":"true","SurveyExpiration":"None","SurveyTermination":"DefaultMessage","Header":"","Footer":"","ProgressBarDisplay":"None","PartialData":"+1 week","ValidationMessage":"","PreviousButton":" \u2190 ","NextButton":" \u2192 ","SurveyTitle":"Online Survey Software | Qualtrics Survey Solutions","SkinLibrary":"hass","SkinType":"MQ","Skin":"hass1","NewScoring":1}},{"SurveyID":"SV_0SuPeC2mxiG2gh7","Element":"SCO","PrimaryAttribute":"Scoring","SecondaryAttribute":null,"TertiaryAttribute":null,"Payload":{"ScoringCategories":[],"ScoringCategoryGroups":[],"ScoringSummaryCategory":null,"ScoringSummaryAfterQuestions":0,"ScoringSummaryAfterSurvey":0,"DefaultScoringCategory":null,"AutoScoringCategory":null}},{"SurveyID":"SV_0SuPeC2mxiG2gh7","Element":"PROJ","PrimaryAttribute":"CORE","SecondaryAttribute":null,"TertiaryAttribute":"1.1.0","Payload":{"ProjectCategory":"CORE","SchemaVersion":"1.1.0"}},{"SurveyID":"SV_0SuPeC2mxiG2gh7","Element":"STAT","PrimaryAttribute":"Survey Statistics","SecondaryAttribute":null,"TertiaryAttribute":null,"Payload":{"MobileCompatible":false,"ID":"Survey Statistics"}},{"SurveyID":"SV_0SuPeC2mxiG2gh7","Element":"QC","PrimaryAttribute":"Survey Question Count","SecondaryAttribute":"1","TertiaryAttribute":null,"Payload":null},{"SurveyID":"SV_0SuPeC2mxiG2gh7","Element":"RS","PrimaryAttribute":"RS_enQqSjYzM4tAMzb","SecondaryAttribute":"Default Response Set","TertiaryAttribute":null,"Payload":null},{"SurveyID":"SV_0SuPeC2mxiG2gh7","Element":"SQ","PrimaryAttribute":"QID1","SecondaryAttribute":"How positive or negative do you feel about each issue on the scale of 0 to 100, where 0 represent...","TertiaryAttribute":null,"Payload":{"QuestionText":"<p>How positive or negative do you feel about each issue on the\nscale of 0 to 100, where 0 represents very negative, and 100 represents very\npositive?<o:p><\/o:p><\/p><o:p><\/o:p>","DefaultChoices":false,"DataExportTag":"Q1","QuestionType":"Matrix","Selector":"Likert","SubSelector":"SingleAnswer","Configuration":{"QuestionDescriptionOption":"UseText","TextPosition":"inline","ChoiceColumnWidth":25,"RepeatHeaders":"none","WhiteSpace":"OFF","MobileFirst":true},"QuestionDescription":"How positive or negative do you feel about each issue on the scale of 0 to 100, where 0 represent...","Choices":{"1":{"Display":"Abortion"},"2":{"Display":"Welfare"},"3":{"Display":"Tax"},"4":{"Display":"Immigration"},"5":{"Display":"Limited government"},"6":{"Display":"Military and national security"},"7":{"Display":"Religion"},"8":{"Display":"Gun ownership"},"9":{"Display":"Traditional marriage"},"10":{"Display":"Traditional values"},"11":{"Display":"Fiscal responsibility"},"12":{"Display":"Business"},"13":{"Display":"The family unit"},"14":{"Display":"Patriotism"}},"ChoiceOrder":[1,2,3,4,5,6,7,8,9,10,11,12,13,14],"Validation":{"Settings":{"ForceResponse":"OFF","ForceResponseType":"ON","Type":"None"}},"GradingData":[],"Language":[],"NextChoiceId":15,"NextAnswerId":12,"Answers":{"1":{"Display":"0"},"2":{"Display":"10"},"3":{"Display":"20"},"4":{"Display":"30"},"5":{"Display":"40"},"6":{"Display":"50"},"7":{"Display":"60"},"8":{"Display":"70"},"9":{"Display":"80"},"10":{"Display":"90"},"11":{"Display":"100"}},"AnswerOrder":[1,2,3,4,5,6,7,8,9,10,11],"ChoiceDataExportTags":false,"QuestionID":"QID1"}}]}