{"SurveyEntry":{"SurveyID":"SV_6tA9cW0vc40A2oZ","SurveyName":"State Adult Attachment Measure (SAAM)","SurveyDescription":null,"SurveyOwnerID":"UR_6l4km5abl5GMnyd","SurveyBrandID":"hass","DivisionID":null,"SurveyLanguage":"EN","SurveyActiveResponseSet":"RS_0qTjuxSCbQRduhT","SurveyStatus":"Inactive","SurveyStartDate":"0000-00-00 00:00:00","SurveyExpirationDate":"0000-00-00 00:00:00","SurveyCreationDate":"2020-09-11 04:25:15","CreatorID":"UR_6l4km5abl5GMnyd","LastModified":"2020-09-11 04:30:48","LastAccessed":"0000-00-00 00:00:00","LastActivated":"0000-00-00 00:00:00","Deleted":null},"SurveyElements":[{"SurveyID":"SV_6tA9cW0vc40A2oZ","Element":"BL","PrimaryAttribute":"Survey Blocks","SecondaryAttribute":null,"TertiaryAttribute":null,"Payload":[{"Type":"Default","Description":"Default Question Block","ID":"BL_d6iLyPBqdndk0e1","BlockElements":[{"Type":"Question","QuestionID":"QID1"}]},{"Type":"Trash","Description":"Trash \/ Unused Questions","ID":"BL_8pkHAQn4R01W7qd"}]},{"SurveyID":"SV_6tA9cW0vc40A2oZ","Element":"FL","PrimaryAttribute":"Survey Flow","SecondaryAttribute":null,"TertiaryAttribute":null,"Payload":{"Flow":[{"ID":"BL_d6iLyPBqdndk0e1","Type":"Block","FlowID":"FL_2"}],"Properties":{"Count":2},"FlowID":"FL_1","Type":"Root"}},{"SurveyID":"SV_6tA9cW0vc40A2oZ","Element":"SO","PrimaryAttribute":"Survey Options","SecondaryAttribute":null,"TertiaryAttribute":null,"Payload":{"BackButton":"false","SaveAndContinue":"true","SurveyProtection":"PublicSurvey","BallotBoxStuffingPrevention":"false","NoIndex":"Yes","SecureResponseFiles":"true","SurveyExpiration":"None","SurveyTermination":"DefaultMessage","Header":"","Footer":"","ProgressBarDisplay":"None","PartialData":"+1 week","ValidationMessage":"","PreviousButton":" \u2190 ","NextButton":" \u2192 ","SurveyTitle":"Online Survey Software | Qualtrics Survey Solutions","SkinLibrary":"hass","SkinType":"MQ","Skin":"hass1","NewScoring":1}},{"SurveyID":"SV_6tA9cW0vc40A2oZ","Element":"SCO","PrimaryAttribute":"Scoring","SecondaryAttribute":null,"TertiaryAttribute":null,"Payload":{"ScoringCategories":[],"ScoringCategoryGroups":[],"ScoringSummaryCategory":null,"ScoringSummaryAfterQuestions":0,"ScoringSummaryAfterSurvey":0,"DefaultScoringCategory":null,"AutoScoringCategory":null}},{"SurveyID":"SV_6tA9cW0vc40A2oZ","Element":"PROJ","PrimaryAttribute":"CORE","SecondaryAttribute":null,"TertiaryAttribute":"1.1.0","Payload":{"ProjectCategory":"CORE","SchemaVersion":"1.1.0"}},{"SurveyID":"SV_6tA9cW0vc40A2oZ","Element":"STAT","PrimaryAttribute":"Survey Statistics","SecondaryAttribute":null,"TertiaryAttribute":null,"Payload":{"MobileCompatible":false,"ID":"Survey Statistics"}},{"SurveyID":"SV_6tA9cW0vc40A2oZ","Element":"QC","PrimaryAttribute":"Survey Question Count","SecondaryAttribute":"1","TertiaryAttribute":null,"Payload":null},{"SurveyID":"SV_6tA9cW0vc40A2oZ","Element":"RS","PrimaryAttribute":"RS_0qTjuxSCbQRduhT","SecondaryAttribute":"Default Response Set","TertiaryAttribute":null,"Payload":null},{"SurveyID":"SV_6tA9cW0vc40A2oZ","Element":"SQ","PrimaryAttribute":"QID1","SecondaryAttribute":"The following statements concern how you feel right now. Please respond to each statement by indi...","TertiaryAttribute":null,"Payload":{"QuestionText":"<p><span lang=\"EN-US\">The following statements concern how you\nfeel <strong><u>right now<\/u><\/strong>. Please respond to each statement by indicating\nhow much you agree or disagree with it as it reflects your <strong><u>current<\/u><\/strong>\nfeelings. Please circle the number on the 1-to-7 scale that best indicates how\nyou feel at the moment:<o:p><\/o:p><\/span><\/p>","DefaultChoices":false,"DataExportTag":"Q1","QuestionType":"Matrix","Selector":"Likert","SubSelector":"SingleAnswer","Configuration":{"QuestionDescriptionOption":"UseText","TextPosition":"inline","ChoiceColumnWidth":25,"RepeatHeaders":"none","WhiteSpace":"OFF","MobileFirst":true},"QuestionDescription":"The following statements concern how you feel right now. Please respond to each statement by indi...","Choices":{"1":{"Display":"I wish someone would tell me they really love me"},"2":{"Display":"I would be uncomfortable having a good friend or a relationship partner close to me"},"3":{"Display":"I feel alone and yet don't feel like getting close to others"},"4":{"Display":"I feel loved"},"5":{"Display":"I wish someone close could see me now"},"6":{"Display":"If something went wrong right now I feel like I could depend on someone"},"7":{"Display":"I feel like others care about me"},"8":{"Display":"I feel a strong need to be unconditionally loved right now"},"9":{"Display":"I'm afraid someone will want to get too close to me"},"10":{"Display":"If someone tried to get close to me, I would try to keep my distance"},"11":{"Display":"Sec\t11.\t\tI feel relaxed knowing that close others are there for me right now"},"12":{"Display":"I really need to feel loved right now"},"13":{"Display":"I feel like I have someone to rely on"},"14":{"Display":"I want to share my feelings with someone"},"15":{"Display":"I feel like I am loved by others but I really don't care"},"16":{"Display":"The idea of being emotionally close to someone makes me nervous"},"17":{"Display":"I want to talk with someone who cares for me about things that are worrying me"},"18":{"Display":"I feel secure and close to other people"},"19":{"Display":"I really need someone's emotional support"},"20":{"Display":"I feel I can trust the people who are close to me"},"21":{"Display":"I have mixed feelings about being close to other people"}},"ChoiceOrder":[1,2,3,4,5,6,7,8,9,10,11,12,13,14,15,16,17,18,19,20,21],"Validation":{"Settings":{"ForceResponse":"OFF","ForceResponseType":"ON","Type":"None"}},"GradingData":[],"Language":[],"NextChoiceId":22,"NextAnswerId":8,"Answers":{"1":{"Display":"1 = Strongly disagree"},"2":{"Display":"2"},"3":{"Display":"3"},"4":{"Display":"4 = Neutral\/Mixed"},"5":{"Display":"5"},"6":{"Display":"6"},"7":{"Display":"7 = Strongly agree"}},"AnswerOrder":["1","2","3","4","5","6","7"],"ChoiceDataExportTags":false,"QuestionID":"QID1"}}]}