{"SurveyEntry":{"SurveyID":"SV_4NtMHqJVnLew3jf","SurveyName":"Ten-Item Personality Inventory (TIPI)","SurveyDescription":null,"SurveyOwnerID":"UR_6l4km5abl5GMnyd","SurveyBrandID":"hass","DivisionID":null,"SurveyLanguage":"EN","SurveyActiveResponseSet":"RS_bydT8dUB4r3zW7z","SurveyStatus":"Inactive","SurveyStartDate":"0000-00-00 00:00:00","SurveyExpirationDate":"0000-00-00 00:00:00","SurveyCreationDate":"2020-09-10 08:10:11","CreatorID":"UR_6l4km5abl5GMnyd","LastModified":"2020-09-11 01:28:46","LastAccessed":"0000-00-00 00:00:00","LastActivated":"0000-00-00 00:00:00","Deleted":null},"SurveyElements":[{"SurveyID":"SV_4NtMHqJVnLew3jf","Element":"BL","PrimaryAttribute":"Survey Blocks","SecondaryAttribute":null,"TertiaryAttribute":null,"Payload":[{"Type":"Default","Description":"Default Question Block","ID":"BL_aWZA2ZHmDHrmFkp","BlockElements":[{"Type":"Question","QuestionID":"QID2"}]},{"Type":"Trash","Description":"Trash \/ Unused Questions","ID":"BL_d6keigXu0Fnwqhv","BlockElements":[]}]},{"SurveyID":"SV_4NtMHqJVnLew3jf","Element":"FL","PrimaryAttribute":"Survey Flow","SecondaryAttribute":null,"TertiaryAttribute":null,"Payload":{"Flow":[{"ID":"BL_aWZA2ZHmDHrmFkp","Type":"Block","FlowID":"FL_2"}],"Properties":{"Count":2},"FlowID":"FL_1","Type":"Root"}},{"SurveyID":"SV_4NtMHqJVnLew3jf","Element":"SO","PrimaryAttribute":"Survey Options","SecondaryAttribute":null,"TertiaryAttribute":null,"Payload":{"BackButton":"false","SaveAndContinue":"true","SurveyProtection":"PublicSurvey","BallotBoxStuffingPrevention":"false","NoIndex":"Yes","SecureResponseFiles":"true","SurveyExpiration":"None","SurveyTermination":"DefaultMessage","Header":"","Footer":"","ProgressBarDisplay":"None","PartialData":"+1 week","ValidationMessage":"","PreviousButton":" \u2190 ","NextButton":" \u2192 ","SurveyTitle":"Online Survey Software | Qualtrics Survey Solutions","SkinLibrary":"hass","SkinType":"MQ","Skin":"hass1","NewScoring":1}},{"SurveyID":"SV_4NtMHqJVnLew3jf","Element":"SCO","PrimaryAttribute":"Scoring","SecondaryAttribute":null,"TertiaryAttribute":null,"Payload":{"ScoringCategories":[{"ID":"SC_7QcaWEKcByI10dn","Name":"Score","Description":""},{"ID":"SC_8bJJzjgOkut4xal","Name":"Extraversion","Description":null},{"ID":"SC_af20MI5iBfaKWXP","Name":"Agreeableness","Description":null},{"ID":"SC_5ifJwNi5QJEotwx","Name":"Conscientiousness","Description":null},{"ID":"SC_cusokVCDY1QIfLn","Name":"Neuroticism","Description":null},{"ID":"SC_0ia119LQ5zz0jrf","Name":"Openness","Description":null}],"ScoringCategoryGroups":[],"DefaultScoringCategory":"SC_7QcaWEKcByI10dn","ScoringSummaryCategory":"SC_7QcaWEKcByI10dn","ScoringSummaryAfterQuestions":0,"ScoringSummaryAfterSurvey":0,"AutoScoringCategory":null,"IgnoreNullValues":true}},{"SurveyID":"SV_4NtMHqJVnLew3jf","Element":"PROJ","PrimaryAttribute":"CORE","SecondaryAttribute":null,"TertiaryAttribute":"1.1.0","Payload":{"ProjectCategory":"CORE","SchemaVersion":"1.1.0"}},{"SurveyID":"SV_4NtMHqJVnLew3jf","Element":"STAT","PrimaryAttribute":"Survey Statistics","SecondaryAttribute":null,"TertiaryAttribute":null,"Payload":{"MobileCompatible":false,"ID":"Survey Statistics"}},{"SurveyID":"SV_4NtMHqJVnLew3jf","Element":"QC","PrimaryAttribute":"Survey Question Count","SecondaryAttribute":"2","TertiaryAttribute":null,"Payload":null},{"SurveyID":"SV_4NtMHqJVnLew3jf","Element":"RS","PrimaryAttribute":"RS_bydT8dUB4r3zW7z","SecondaryAttribute":"Default Response Set","TertiaryAttribute":null,"Payload":null},{"SurveyID":"SV_4NtMHqJVnLew3jf","Element":"SQ","PrimaryAttribute":"QID2","SecondaryAttribute":"I see myself as...","TertiaryAttribute":null,"Payload":{"QuestionText":"I see myself as...","DefaultChoices":false,"DataExportTag":"Q1","QuestionType":"Matrix","Selector":"Likert","SubSelector":"SingleAnswer","Configuration":{"QuestionDescriptionOption":"UseText","TextPosition":"inline","ChoiceColumnWidth":25,"RepeatHeaders":"none","WhiteSpace":"OFF","MobileFirst":true},"QuestionDescription":"I see myself as...","Choices":{"1":{"Display":"Extraverted, enthusiastic"},"2":{"Display":"Critical, quarrelsome"},"3":{"Display":"Dependable, self-disciplined"},"4":{"Display":"Anxious, easily upset"},"5":{"Display":"Open to a new experiences, complex"},"6":{"Display":"Reserved, quiet"},"7":{"Display":"Sympathetic, warm"},"8":{"Display":"Disorganised, careless"},"9":{"Display":"Calm, emotionally stable"},"10":{"Display":"Conventional, uncreative"}},"ChoiceOrder":[1,2,3,4,5,6,7,8,9,10],"Validation":{"Settings":{"ForceResponse":"OFF","ForceResponseType":"ON","Type":"None"}},"GradingData":[{"ChoiceID":1,"AnswerID":1,"Grades":{"SC_7QcaWEKcByI10dn":1,"SC_8bJJzjgOkut4xal":1},"index":0},{"ChoiceID":1,"AnswerID":2,"Grades":{"SC_7QcaWEKcByI10dn":2,"SC_8bJJzjgOkut4xal":2},"index":1},{"ChoiceID":1,"AnswerID":3,"Grades":{"SC_7QcaWEKcByI10dn":3,"SC_8bJJzjgOkut4xal":3},"index":2},{"ChoiceID":1,"AnswerID":4,"Grades":{"SC_7QcaWEKcByI10dn":4,"SC_8bJJzjgOkut4xal":4},"index":3},{"ChoiceID":1,"AnswerID":5,"Grades":{"SC_7QcaWEKcByI10dn":5,"SC_8bJJzjgOkut4xal":5},"index":4},{"ChoiceID":1,"AnswerID":6,"Grades":{"SC_7QcaWEKcByI10dn":6,"SC_8bJJzjgOkut4xal":6},"index":5},{"ChoiceID":1,"AnswerID":7,"Grades":{"SC_7QcaWEKcByI10dn":7,"SC_8bJJzjgOkut4xal":7},"index":6},{"ChoiceID":2,"AnswerID":1,"Grades":{"SC_7QcaWEKcByI10dn":1,"SC_af20MI5iBfaKWXP":7},"index":7},{"ChoiceID":2,"AnswerID":2,"Grades":{"SC_7QcaWEKcByI10dn":2,"SC_af20MI5iBfaKWXP":6},"index":8},{"ChoiceID":2,"AnswerID":3,"Grades":{"SC_7QcaWEKcByI10dn":3,"SC_af20MI5iBfaKWXP":5},"index":9},{"ChoiceID":2,"AnswerID":4,"Grades":{"SC_7QcaWEKcByI10dn":4,"SC_af20MI5iBfaKWXP":4},"index":10},{"ChoiceID":2,"AnswerID":5,"Grades":{"SC_7QcaWEKcByI10dn":5,"SC_af20MI5iBfaKWXP":3},"index":11},{"ChoiceID":2,"AnswerID":6,"Grades":{"SC_7QcaWEKcByI10dn":6,"SC_af20MI5iBfaKWXP":2},"index":12},{"ChoiceID":2,"AnswerID":7,"Grades":{"SC_7QcaWEKcByI10dn":7,"SC_af20MI5iBfaKWXP":1},"index":13},{"ChoiceID":3,"AnswerID":1,"Grades":{"SC_7QcaWEKcByI10dn":1,"SC_5ifJwNi5QJEotwx":1},"index":14},{"ChoiceID":3,"AnswerID":2,"Grades":{"SC_7QcaWEKcByI10dn":2,"SC_5ifJwNi5QJEotwx":2},"index":15},{"ChoiceID":3,"AnswerID":3,"Grades":{"SC_7QcaWEKcByI10dn":3,"SC_5ifJwNi5QJEotwx":3},"index":16},{"ChoiceID":3,"AnswerID":4,"Grades":{"SC_7QcaWEKcByI10dn":4,"SC_5ifJwNi5QJEotwx":4},"index":17},{"ChoiceID":3,"AnswerID":5,"Grades":{"SC_7QcaWEKcByI10dn":5,"SC_5ifJwNi5QJEotwx":5},"index":18},{"ChoiceID":3,"AnswerID":6,"Grades":{"SC_7QcaWEKcByI10dn":6,"SC_5ifJwNi5QJEotwx":6},"index":19},{"ChoiceID":3,"AnswerID":7,"Grades":{"SC_7QcaWEKcByI10dn":7,"SC_5ifJwNi5QJEotwx":7},"index":20},{"ChoiceID":4,"AnswerID":1,"Grades":{"SC_7QcaWEKcByI10dn":1,"SC_cusokVCDY1QIfLn":7},"index":21},{"ChoiceID":4,"AnswerID":2,"Grades":{"SC_7QcaWEKcByI10dn":2,"SC_cusokVCDY1QIfLn":6},"index":22},{"ChoiceID":4,"AnswerID":3,"Grades":{"SC_7QcaWEKcByI10dn":3,"SC_cusokVCDY1QIfLn":5},"index":23},{"ChoiceID":4,"AnswerID":4,"Grades":{"SC_7QcaWEKcByI10dn":4,"SC_cusokVCDY1QIfLn":4},"index":24},{"ChoiceID":4,"AnswerID":5,"Grades":{"SC_7QcaWEKcByI10dn":5,"SC_cusokVCDY1QIfLn":3},"index":25},{"ChoiceID":4,"AnswerID":6,"Grades":{"SC_7QcaWEKcByI10dn":6,"SC_cusokVCDY1QIfLn":2},"index":26},{"ChoiceID":4,"AnswerID":7,"Grades":{"SC_7QcaWEKcByI10dn":7,"SC_cusokVCDY1QIfLn":1},"index":27},{"ChoiceID":5,"AnswerID":1,"Grades":{"SC_7QcaWEKcByI10dn":1,"SC_0ia119LQ5zz0jrf":1},"index":28},{"ChoiceID":5,"AnswerID":2,"Grades":{"SC_7QcaWEKcByI10dn":2,"SC_0ia119LQ5zz0jrf":2},"index":29},{"ChoiceID":5,"AnswerID":3,"Grades":{"SC_7QcaWEKcByI10dn":3,"SC_0ia119LQ5zz0jrf":3},"index":30},{"ChoiceID":5,"AnswerID":4,"Grades":{"SC_7QcaWEKcByI10dn":4,"SC_0ia119LQ5zz0jrf":4},"index":31},{"ChoiceID":5,"AnswerID":5,"Grades":{"SC_7QcaWEKcByI10dn":5,"SC_0ia119LQ5zz0jrf":5},"index":32},{"ChoiceID":5,"AnswerID":6,"Grades":{"SC_7QcaWEKcByI10dn":6,"SC_0ia119LQ5zz0jrf":6},"index":33},{"ChoiceID":5,"AnswerID":7,"Grades":{"SC_7QcaWEKcByI10dn":7,"SC_0ia119LQ5zz0jrf":7},"index":34},{"ChoiceID":6,"AnswerID":1,"Grades":{"SC_7QcaWEKcByI10dn":1,"SC_8bJJzjgOkut4xal":7},"index":35},{"ChoiceID":6,"AnswerID":2,"Grades":{"SC_7QcaWEKcByI10dn":2,"SC_8bJJzjgOkut4xal":6},"index":36},{"ChoiceID":6,"AnswerID":3,"Grades":{"SC_7QcaWEKcByI10dn":3,"SC_8bJJzjgOkut4xal":5},"index":37},{"ChoiceID":6,"AnswerID":4,"Grades":{"SC_7QcaWEKcByI10dn":4,"SC_8bJJzjgOkut4xal":4},"index":38},{"ChoiceID":6,"AnswerID":5,"Grades":{"SC_7QcaWEKcByI10dn":5,"SC_8bJJzjgOkut4xal":3},"index":39},{"ChoiceID":6,"AnswerID":6,"Grades":{"SC_7QcaWEKcByI10dn":6,"SC_8bJJzjgOkut4xal":2},"index":40},{"ChoiceID":6,"AnswerID":7,"Grades":{"SC_7QcaWEKcByI10dn":7,"SC_8bJJzjgOkut4xal":1},"index":41},{"ChoiceID":7,"AnswerID":1,"Grades":{"SC_7QcaWEKcByI10dn":1,"SC_af20MI5iBfaKWXP":1},"index":42},{"ChoiceID":7,"AnswerID":2,"Grades":{"SC_7QcaWEKcByI10dn":2,"SC_af20MI5iBfaKWXP":2},"index":43},{"ChoiceID":7,"AnswerID":3,"Grades":{"SC_7QcaWEKcByI10dn":3,"SC_af20MI5iBfaKWXP":3},"index":44},{"ChoiceID":7,"AnswerID":4,"Grades":{"SC_7QcaWEKcByI10dn":4,"SC_af20MI5iBfaKWXP":4},"index":45},{"ChoiceID":7,"AnswerID":5,"Grades":{"SC_7QcaWEKcByI10dn":5,"SC_af20MI5iBfaKWXP":5},"index":46},{"ChoiceID":7,"AnswerID":6,"Grades":{"SC_7QcaWEKcByI10dn":6,"SC_af20MI5iBfaKWXP":6},"index":47},{"ChoiceID":7,"AnswerID":7,"Grades":{"SC_7QcaWEKcByI10dn":7,"SC_af20MI5iBfaKWXP":7},"index":48},{"ChoiceID":8,"AnswerID":1,"Grades":{"SC_7QcaWEKcByI10dn":1,"SC_5ifJwNi5QJEotwx":7},"index":49},{"ChoiceID":8,"AnswerID":2,"Grades":{"SC_7QcaWEKcByI10dn":2,"SC_5ifJwNi5QJEotwx":6},"index":50},{"ChoiceID":8,"AnswerID":3,"Grades":{"SC_7QcaWEKcByI10dn":3,"SC_5ifJwNi5QJEotwx":5},"index":51},{"ChoiceID":8,"AnswerID":4,"Grades":{"SC_7QcaWEKcByI10dn":4,"SC_5ifJwNi5QJEotwx":4},"index":52},{"ChoiceID":8,"AnswerID":5,"Grades":{"SC_7QcaWEKcByI10dn":5,"SC_5ifJwNi5QJEotwx":3},"index":53},{"ChoiceID":8,"AnswerID":6,"Grades":{"SC_7QcaWEKcByI10dn":6,"SC_5ifJwNi5QJEotwx":2},"index":54},{"ChoiceID":8,"AnswerID":7,"Grades":{"SC_7QcaWEKcByI10dn":7,"SC_5ifJwNi5QJEotwx":1},"index":55},{"ChoiceID":9,"AnswerID":1,"Grades":{"SC_7QcaWEKcByI10dn":1,"SC_cusokVCDY1QIfLn":1},"index":56},{"ChoiceID":9,"AnswerID":2,"Grades":{"SC_7QcaWEKcByI10dn":2,"SC_cusokVCDY1QIfLn":2},"index":57},{"ChoiceID":9,"AnswerID":3,"Grades":{"SC_7QcaWEKcByI10dn":3,"SC_cusokVCDY1QIfLn":3},"index":58},{"ChoiceID":9,"AnswerID":4,"Grades":{"SC_7QcaWEKcByI10dn":4,"SC_cusokVCDY1QIfLn":4},"index":59},{"ChoiceID":9,"AnswerID":5,"Grades":{"SC_7QcaWEKcByI10dn":5,"SC_cusokVCDY1QIfLn":5},"index":60},{"ChoiceID":9,"AnswerID":6,"Grades":{"SC_7QcaWEKcByI10dn":6,"SC_cusokVCDY1QIfLn":6},"index":61},{"ChoiceID":9,"AnswerID":7,"Grades":{"SC_7QcaWEKcByI10dn":7,"SC_cusokVCDY1QIfLn":7},"index":62},{"ChoiceID":10,"AnswerID":1,"Grades":{"SC_7QcaWEKcByI10dn":1,"SC_0ia119LQ5zz0jrf":7},"index":63},{"ChoiceID":10,"AnswerID":2,"Grades":{"SC_7QcaWEKcByI10dn":2,"SC_0ia119LQ5zz0jrf":6},"index":64},{"ChoiceID":10,"AnswerID":3,"Grades":{"SC_7QcaWEKcByI10dn":3,"SC_0ia119LQ5zz0jrf":5},"index":65},{"ChoiceID":10,"AnswerID":4,"Grades":{"SC_7QcaWEKcByI10dn":4,"SC_0ia119LQ5zz0jrf":4},"index":66},{"ChoiceID":10,"AnswerID":5,"Grades":{"SC_7QcaWEKcByI10dn":5,"SC_0ia119LQ5zz0jrf":3},"index":67},{"ChoiceID":10,"AnswerID":6,"Grades":{"SC_7QcaWEKcByI10dn":6,"SC_0ia119LQ5zz0jrf":2},"index":68},{"ChoiceID":10,"AnswerID":7,"Grades":{"SC_7QcaWEKcByI10dn":7,"SC_0ia119LQ5zz0jrf":1},"index":69}],"Language":[],"NextChoiceId":11,"NextAnswerId":8,"Answers":{"1":{"Display":"Diagree strongly"},"2":{"Display":"Disagree moderately"},"3":{"Display":"Diagree a little"},"4":{"Display":"Neither agree nor disagree"},"5":{"Display":"Agree a little"},"6":{"Display":"Agree moderately"},"7":{"Display":"Agree strongly"}},"AnswerOrder":[1,2,3,4,5,6,7],"ChoiceDataExportTags":false,"QuestionID":"QID2","DataVisibility":{"Private":false,"Hidden":false},"QuestionText_Unsafe":"I see myself as..."}}]}