{"SurveyEntry":{"SurveyID":"SV_77HjvNjIbBLyI17","SurveyName":"Abbreviated Math Anxiety Scale","SurveyDescription":null,"SurveyOwnerID":"UR_6l4km5abl5GMnyd","SurveyBrandID":"hass","DivisionID":null,"SurveyLanguage":"EN","SurveyActiveResponseSet":"RS_a2BQXW5CTVKqf09","SurveyStatus":"Inactive","SurveyStartDate":"0000-00-00 00:00:00","SurveyExpirationDate":"0000-00-00 00:00:00","SurveyCreationDate":"2020-09-10 08:28:07","CreatorID":"UR_6l4km5abl5GMnyd","LastModified":"2020-09-10 09:18:45","LastAccessed":"0000-00-00 00:00:00","LastActivated":"0000-00-00 00:00:00","Deleted":null},"SurveyElements":[{"SurveyID":"SV_77HjvNjIbBLyI17","Element":"BL","PrimaryAttribute":"Survey Blocks","SecondaryAttribute":null,"TertiaryAttribute":null,"Payload":[{"Type":"Default","Description":"Default Question Block","ID":"BL_3Jcx5VFDga0eziZ","BlockElements":[{"Type":"Question","QuestionID":"QID1"}]},{"Type":"Trash","Description":"Trash \/ Unused Questions","ID":"BL_eyXLG63NajUMlVP"}]},{"SurveyID":"SV_77HjvNjIbBLyI17","Element":"FL","PrimaryAttribute":"Survey Flow","SecondaryAttribute":null,"TertiaryAttribute":null,"Payload":{"Flow":[{"ID":"BL_3Jcx5VFDga0eziZ","Type":"Block","FlowID":"FL_2"}],"Properties":{"Count":2},"FlowID":"FL_1","Type":"Root"}},{"SurveyID":"SV_77HjvNjIbBLyI17","Element":"SO","PrimaryAttribute":"Survey Options","SecondaryAttribute":null,"TertiaryAttribute":null,"Payload":{"BackButton":"false","SaveAndContinue":"true","SurveyProtection":"PublicSurvey","BallotBoxStuffingPrevention":"false","NoIndex":"Yes","SecureResponseFiles":"true","SurveyExpiration":"None","SurveyTermination":"DefaultMessage","Header":"","Footer":"","ProgressBarDisplay":"None","PartialData":"+1 week","ValidationMessage":"","PreviousButton":" \u2190 ","NextButton":" \u2192 ","SurveyTitle":"Online Survey Software | Qualtrics Survey Solutions","SkinLibrary":"hass","SkinType":"MQ","Skin":"hass1","NewScoring":1,"ProtectSelectionIds":true}},{"SurveyID":"SV_77HjvNjIbBLyI17","Element":"SCO","PrimaryAttribute":"Scoring","SecondaryAttribute":null,"TertiaryAttribute":null,"Payload":{"ScoringCategories":[{"ID":"SC_29uxS73Sc7q13Ol","Name":"Score","Description":""},{"ID":"SC_9uk4Etv6OOycGCp","Name":"Learning","Description":null},{"ID":"SC_0VaxBY86xEXw7op","Name":"Evaluation","Description":null}],"ScoringCategoryGroups":[],"DefaultScoringCategory":"SC_29uxS73Sc7q13Ol","ScoringSummaryCategory":"SC_29uxS73Sc7q13Ol","ScoringSummaryAfterQuestions":0,"ScoringSummaryAfterSurvey":0,"AutoScoringCategory":null,"IgnoreNullValues":true}},{"SurveyID":"SV_77HjvNjIbBLyI17","Element":"PROJ","PrimaryAttribute":"CORE","SecondaryAttribute":null,"TertiaryAttribute":"1.1.0","Payload":{"ProjectCategory":"CORE","SchemaVersion":"1.1.0"}},{"SurveyID":"SV_77HjvNjIbBLyI17","Element":"STAT","PrimaryAttribute":"Survey Statistics","SecondaryAttribute":null,"TertiaryAttribute":null,"Payload":{"MobileCompatible":false,"ID":"Survey Statistics"}},{"SurveyID":"SV_77HjvNjIbBLyI17","Element":"QC","PrimaryAttribute":"Survey Question Count","SecondaryAttribute":"1","TertiaryAttribute":null,"Payload":null},{"SurveyID":"SV_77HjvNjIbBLyI17","Element":"RS","PrimaryAttribute":"RS_a2BQXW5CTVKqf09","SecondaryAttribute":"Default Response Set","TertiaryAttribute":null,"Payload":null},{"SurveyID":"SV_77HjvNjIbBLyI17","Element":"SQ","PrimaryAttribute":"QID1","SecondaryAttribute":"For each item, please tell us how anxious it would make you feel.","TertiaryAttribute":null,"Payload":{"QuestionText":"<p>For each item, please tell us how anxious it would make you\nfeel.<o:p><\/o:p><\/p>","DefaultChoices":false,"DataExportTag":"Q1","QuestionType":"Matrix","Selector":"Likert","SubSelector":"SingleAnswer","Configuration":{"QuestionDescriptionOption":"UseText","TextPosition":"inline","ChoiceColumnWidth":25,"RepeatHeaders":"none","WhiteSpace":"OFF","MobileFirst":true},"QuestionDescription":"For each item, please tell us how anxious it would make you feel.","Choices":{"1":{"Display":"Having to use the tables in the back of a maths book."},"2":{"Display":"Thinking about an upcoming maths test one day before."},"3":{"Display":"Watching a teacher work an algebraic equation on the blackboard."},"4":{"Display":"Taking an examination in a maths course."},"5":{"Display":"Listening to a lecture in maths class."},"6":{"Display":"Being given a homework assignment of many difficult problems that is due the next class meeting"},"7":{"Display":"Listening to another student explain a maths formula."},"8":{"Display":"Being given a \u201cpop\u201d quiz in maths class."},"9":{"Display":"Starting a new chapter in a maths book."}},"ChoiceOrder":[1,2,3,4,5,6,7,8,9],"Validation":{"Settings":{"ForceResponse":"OFF","ForceResponseType":"ON","Type":"None"}},"GradingData":[{"ChoiceID":"1","AnswerID":1,"Grades":{"SC_9uk4Etv6OOycGCp":1},"index":0},{"ChoiceID":"1","AnswerID":2,"Grades":{"SC_9uk4Etv6OOycGCp":2},"index":1},{"ChoiceID":"1","AnswerID":3,"Grades":{"SC_9uk4Etv6OOycGCp":3},"index":2},{"ChoiceID":"1","AnswerID":4,"Grades":{"SC_9uk4Etv6OOycGCp":4},"index":3},{"ChoiceID":"1","AnswerID":5,"Grades":{"SC_9uk4Etv6OOycGCp":5},"index":4},{"ChoiceID":"3","AnswerID":1,"Grades":{"SC_9uk4Etv6OOycGCp":1},"index":5},{"ChoiceID":"3","AnswerID":2,"Grades":{"SC_9uk4Etv6OOycGCp":2},"index":6},{"ChoiceID":"3","AnswerID":3,"Grades":{"SC_9uk4Etv6OOycGCp":3},"index":7},{"ChoiceID":"3","AnswerID":4,"Grades":{"SC_9uk4Etv6OOycGCp":4},"index":8},{"ChoiceID":"3","AnswerID":5,"Grades":{"SC_9uk4Etv6OOycGCp":5},"index":9},{"ChoiceID":"5","AnswerID":1,"Grades":{"SC_9uk4Etv6OOycGCp":1},"index":10},{"ChoiceID":"5","AnswerID":2,"Grades":{"SC_9uk4Etv6OOycGCp":2},"index":11},{"ChoiceID":"5","AnswerID":3,"Grades":{"SC_9uk4Etv6OOycGCp":3},"index":12},{"ChoiceID":"5","AnswerID":4,"Grades":{"SC_9uk4Etv6OOycGCp":4},"index":13},{"ChoiceID":"5","AnswerID":5,"Grades":{"SC_9uk4Etv6OOycGCp":5},"index":14},{"ChoiceID":"7","AnswerID":1,"Grades":{"SC_9uk4Etv6OOycGCp":1},"index":15},{"ChoiceID":"7","AnswerID":2,"Grades":{"SC_9uk4Etv6OOycGCp":2},"index":16},{"ChoiceID":"7","AnswerID":3,"Grades":{"SC_9uk4Etv6OOycGCp":3},"index":17},{"ChoiceID":"7","AnswerID":4,"Grades":{"SC_9uk4Etv6OOycGCp":4},"index":18},{"ChoiceID":"7","AnswerID":5,"Grades":{"SC_9uk4Etv6OOycGCp":5},"index":19},{"ChoiceID":"9","AnswerID":1,"Grades":{"SC_9uk4Etv6OOycGCp":1},"index":20},{"ChoiceID":"9","AnswerID":2,"Grades":{"SC_9uk4Etv6OOycGCp":2},"index":21},{"ChoiceID":"9","AnswerID":3,"Grades":{"SC_9uk4Etv6OOycGCp":3},"index":22},{"ChoiceID":"9","AnswerID":4,"Grades":{"SC_9uk4Etv6OOycGCp":4},"index":23},{"ChoiceID":"9","AnswerID":5,"Grades":{"SC_9uk4Etv6OOycGCp":5},"index":24},{"ChoiceID":"2","AnswerID":1,"Grades":{"SC_0VaxBY86xEXw7op":1},"index":25},{"ChoiceID":"2","AnswerID":2,"Grades":{"SC_0VaxBY86xEXw7op":2},"index":26},{"ChoiceID":"2","AnswerID":3,"Grades":{"SC_0VaxBY86xEXw7op":3},"index":27},{"ChoiceID":"2","AnswerID":4,"Grades":{"SC_0VaxBY86xEXw7op":4},"index":28},{"ChoiceID":"2","AnswerID":5,"Grades":{"SC_0VaxBY86xEXw7op":5},"index":29},{"ChoiceID":"4","AnswerID":1,"Grades":{"SC_0VaxBY86xEXw7op":1},"index":30},{"ChoiceID":"4","AnswerID":2,"Grades":{"SC_0VaxBY86xEXw7op":2},"index":31},{"ChoiceID":"4","AnswerID":3,"Grades":{"SC_0VaxBY86xEXw7op":3},"index":32},{"ChoiceID":"4","AnswerID":4,"Grades":{"SC_0VaxBY86xEXw7op":4},"index":33},{"ChoiceID":"4","AnswerID":5,"Grades":{"SC_0VaxBY86xEXw7op":5},"index":34},{"ChoiceID":"6","AnswerID":1,"Grades":{"SC_0VaxBY86xEXw7op":1},"index":35},{"ChoiceID":"6","AnswerID":2,"Grades":{"SC_0VaxBY86xEXw7op":2},"index":36},{"ChoiceID":"6","AnswerID":3,"Grades":{"SC_0VaxBY86xEXw7op":3},"index":37},{"ChoiceID":"6","AnswerID":4,"Grades":{"SC_0VaxBY86xEXw7op":4},"index":38},{"ChoiceID":"6","AnswerID":5,"Grades":{"SC_0VaxBY86xEXw7op":5},"index":39},{"ChoiceID":"8","AnswerID":1,"Grades":{"SC_0VaxBY86xEXw7op":1},"index":40},{"ChoiceID":"8","AnswerID":2,"Grades":{"SC_0VaxBY86xEXw7op":2},"index":41},{"ChoiceID":"8","AnswerID":3,"Grades":{"SC_0VaxBY86xEXw7op":3},"index":42},{"ChoiceID":"8","AnswerID":4,"Grades":{"SC_0VaxBY86xEXw7op":4},"index":43},{"ChoiceID":"8","AnswerID":5,"Grades":{"SC_0VaxBY86xEXw7op":5},"index":44}],"Language":[],"NextChoiceId":10,"NextAnswerId":6,"Answers":{"1":{"Display":"1 Low Anxiety"},"2":{"Display":"2"},"3":{"Display":"3"},"4":{"Display":"4"},"5":{"Display":"5 High Anxiety"}},"AnswerOrder":[1,2,3,4,5],"ChoiceDataExportTags":false,"QuestionID":"QID1","DataVisibility":{"Private":false,"Hidden":false}}}]}