{"SurveyEntry":{"SurveyID":"SV_cMHT7OCID8lws1T","SurveyName":"Autism Spectrum Quotient 10 items \u2013 Adolescent","SurveyDescription":null,"SurveyOwnerID":"UR_6l4km5abl5GMnyd","SurveyBrandID":"hass","DivisionID":null,"SurveyLanguage":"EN","SurveyActiveResponseSet":"RS_6qZvGvDELsWUazP","SurveyStatus":"Inactive","SurveyStartDate":"0000-00-00 00:00:00","SurveyExpirationDate":"0000-00-00 00:00:00","SurveyCreationDate":"2020-09-11 04:10:11","CreatorID":"UR_6l4km5abl5GMnyd","LastModified":"2020-09-11 04:12:30","LastAccessed":"0000-00-00 00:00:00","LastActivated":"0000-00-00 00:00:00","Deleted":null},"SurveyElements":[{"SurveyID":"SV_cMHT7OCID8lws1T","Element":"BL","PrimaryAttribute":"Survey Blocks","SecondaryAttribute":null,"TertiaryAttribute":null,"Payload":[{"Type":"Default","Description":"Default Question Block","ID":"BL_9S0C4gjB7EfUdq5","BlockElements":[{"Type":"Question","QuestionID":"QID1"}]},{"Type":"Trash","Description":"Trash \/ Unused Questions","ID":"BL_9yRqRmbUnmugg9D"}]},{"SurveyID":"SV_cMHT7OCID8lws1T","Element":"FL","PrimaryAttribute":"Survey Flow","SecondaryAttribute":null,"TertiaryAttribute":null,"Payload":{"Flow":[{"ID":"BL_9S0C4gjB7EfUdq5","Type":"Block","FlowID":"FL_2"}],"Properties":{"Count":2},"FlowID":"FL_1","Type":"Root"}},{"SurveyID":"SV_cMHT7OCID8lws1T","Element":"SO","PrimaryAttribute":"Survey Options","SecondaryAttribute":null,"TertiaryAttribute":null,"Payload":{"BackButton":"false","SaveAndContinue":"true","SurveyProtection":"PublicSurvey","BallotBoxStuffingPrevention":"false","NoIndex":"Yes","SecureResponseFiles":"true","SurveyExpiration":"None","SurveyTermination":"DefaultMessage","Header":"","Footer":"","ProgressBarDisplay":"None","PartialData":"+1 week","ValidationMessage":"","PreviousButton":" \u2190 ","NextButton":" \u2192 ","SurveyTitle":"Online Survey Software | Qualtrics Survey Solutions","SkinLibrary":"hass","SkinType":"MQ","Skin":"hass1","NewScoring":1}},{"SurveyID":"SV_cMHT7OCID8lws1T","Element":"SCO","PrimaryAttribute":"Scoring","SecondaryAttribute":null,"TertiaryAttribute":null,"Payload":{"ScoringCategories":[],"ScoringCategoryGroups":[],"ScoringSummaryCategory":null,"ScoringSummaryAfterQuestions":0,"ScoringSummaryAfterSurvey":0,"DefaultScoringCategory":null,"AutoScoringCategory":null}},{"SurveyID":"SV_cMHT7OCID8lws1T","Element":"PROJ","PrimaryAttribute":"CORE","SecondaryAttribute":null,"TertiaryAttribute":"1.1.0","Payload":{"ProjectCategory":"CORE","SchemaVersion":"1.1.0"}},{"SurveyID":"SV_cMHT7OCID8lws1T","Element":"STAT","PrimaryAttribute":"Survey Statistics","SecondaryAttribute":null,"TertiaryAttribute":null,"Payload":{"MobileCompatible":false,"ID":"Survey Statistics"}},{"SurveyID":"SV_cMHT7OCID8lws1T","Element":"QC","PrimaryAttribute":"Survey Question Count","SecondaryAttribute":"1","TertiaryAttribute":null,"Payload":null},{"SurveyID":"SV_cMHT7OCID8lws1T","Element":"RS","PrimaryAttribute":"RS_6qZvGvDELsWUazP","SecondaryAttribute":"Default Response Set","TertiaryAttribute":null,"Payload":null},{"SurveyID":"SV_cMHT7OCID8lws1T","Element":"SQ","PrimaryAttribute":"QID1","SecondaryAttribute":"Please rate the following statements","TertiaryAttribute":null,"Payload":{"QuestionText":"Please rate the following statements","DefaultChoices":false,"DataExportTag":"Q1","QuestionType":"Matrix","Selector":"Likert","SubSelector":"SingleAnswer","Configuration":{"QuestionDescriptionOption":"UseText","TextPosition":"inline","ChoiceColumnWidth":25,"RepeatHeaders":"none","WhiteSpace":"OFF","MobileFirst":true},"QuestionDescription":"Please rate the following statements","Choices":{"1":{"Display":"S\/he notices patterns in things all the time"},"2":{"Display":"S\/he usually concentrates more on the whole picture, rather than the small details"},"3":{"Display":"In a social group, s\/he can easily keep track of several different people\u2019s conversations"},"4":{"Display":"If there is an interruption, s\/he can switch back to what s\/he was doing very quickly"},"5":{"Display":"S\/he frequently finds that s\/he doesn\u2019t know how to keep a conversation going"},"6":{"Display":"S\/he is good at social chit-chat"},"7":{"Display":"When s\/he was younger, s\/he used to enjoy playing games involving pretending with other children"},"8":{"Display":"S\/he finds it difficult to imagine what it would be like to be someone else"},"9":{"Display":"S\/he finds social situations easy"},"10":{"Display":"S\/he finds it hard to make new friends"}},"ChoiceOrder":[1,2,3,4,5,6,7,8,9,10],"Validation":{"Settings":{"ForceResponse":"OFF","ForceResponseType":"ON","Type":"None"}},"GradingData":[],"Language":[],"NextChoiceId":11,"NextAnswerId":5,"Answers":{"1":{"Display":"Definitely Agree"},"2":{"Display":"Slightly Agree"},"3":{"Display":"Slightly Disagree"},"4":{"Display":"Definitely Disagree"}},"AnswerOrder":[1,2,3,4],"ChoiceDataExportTags":false,"QuestionID":"QID1"}}]}