{"SurveyEntry":{"SurveyID":"SV_8weXke6SrKI4ccZ","SurveyName":"Autism Spectrum Quotient 10 items \u2013 Children","SurveyDescription":null,"SurveyOwnerID":"UR_6l4km5abl5GMnyd","SurveyBrandID":"hass","DivisionID":null,"SurveyLanguage":"EN","SurveyActiveResponseSet":"RS_bKm7m2g9bMHPotT","SurveyStatus":"Inactive","SurveyStartDate":"0000-00-00 00:00:00","SurveyExpirationDate":"0000-00-00 00:00:00","SurveyCreationDate":"2020-09-11 04:17:36","CreatorID":"UR_6l4km5abl5GMnyd","LastModified":"2020-09-11 04:19:56","LastAccessed":"0000-00-00 00:00:00","LastActivated":"0000-00-00 00:00:00","Deleted":null},"SurveyElements":[{"SurveyID":"SV_8weXke6SrKI4ccZ","Element":"BL","PrimaryAttribute":"Survey Blocks","SecondaryAttribute":null,"TertiaryAttribute":null,"Payload":[{"Type":"Default","Description":"Default Question Block","ID":"BL_ebbVVdwKm8dE6QR","BlockElements":[{"Type":"Question","QuestionID":"QID1"}]},{"Type":"Trash","Description":"Trash \/ Unused Questions","ID":"BL_86cLLIO2ZS5hcDb"}]},{"SurveyID":"SV_8weXke6SrKI4ccZ","Element":"FL","PrimaryAttribute":"Survey Flow","SecondaryAttribute":null,"TertiaryAttribute":null,"Payload":{"Flow":[{"ID":"BL_ebbVVdwKm8dE6QR","Type":"Block","FlowID":"FL_2"}],"Properties":{"Count":2},"FlowID":"FL_1","Type":"Root"}},{"SurveyID":"SV_8weXke6SrKI4ccZ","Element":"SO","PrimaryAttribute":"Survey Options","SecondaryAttribute":null,"TertiaryAttribute":null,"Payload":{"BackButton":"false","SaveAndContinue":"true","SurveyProtection":"PublicSurvey","BallotBoxStuffingPrevention":"false","NoIndex":"Yes","SecureResponseFiles":"true","SurveyExpiration":"None","SurveyTermination":"DefaultMessage","Header":"","Footer":"","ProgressBarDisplay":"None","PartialData":"+1 week","ValidationMessage":"","PreviousButton":" \u2190 ","NextButton":" \u2192 ","SurveyTitle":"Online Survey Software | Qualtrics Survey Solutions","SkinLibrary":"hass","SkinType":"MQ","Skin":"hass1","NewScoring":1}},{"SurveyID":"SV_8weXke6SrKI4ccZ","Element":"SCO","PrimaryAttribute":"Scoring","SecondaryAttribute":null,"TertiaryAttribute":null,"Payload":{"ScoringCategories":[],"ScoringCategoryGroups":[],"ScoringSummaryCategory":null,"ScoringSummaryAfterQuestions":0,"ScoringSummaryAfterSurvey":0,"DefaultScoringCategory":null,"AutoScoringCategory":null}},{"SurveyID":"SV_8weXke6SrKI4ccZ","Element":"PROJ","PrimaryAttribute":"CORE","SecondaryAttribute":null,"TertiaryAttribute":"1.1.0","Payload":{"ProjectCategory":"CORE","SchemaVersion":"1.1.0"}},{"SurveyID":"SV_8weXke6SrKI4ccZ","Element":"STAT","PrimaryAttribute":"Survey Statistics","SecondaryAttribute":null,"TertiaryAttribute":null,"Payload":{"MobileCompatible":false,"ID":"Survey Statistics"}},{"SurveyID":"SV_8weXke6SrKI4ccZ","Element":"QC","PrimaryAttribute":"Survey Question Count","SecondaryAttribute":"1","TertiaryAttribute":null,"Payload":null},{"SurveyID":"SV_8weXke6SrKI4ccZ","Element":"RS","PrimaryAttribute":"RS_bKm7m2g9bMHPotT","SecondaryAttribute":"Default Response Set","TertiaryAttribute":null,"Payload":null},{"SurveyID":"SV_8weXke6SrKI4ccZ","Element":"SQ","PrimaryAttribute":"QID1","SecondaryAttribute":"Please rate how much you agree with the following statements:","TertiaryAttribute":null,"Payload":{"QuestionText":"Please rate how much you agree with the following statements:","DefaultChoices":false,"DataExportTag":"Q1","QuestionType":"Matrix","Selector":"Likert","SubSelector":"SingleAnswer","Configuration":{"QuestionDescriptionOption":"UseText","TextPosition":"inline","ChoiceColumnWidth":25,"RepeatHeaders":"none","WhiteSpace":"OFF","MobileFirst":true},"QuestionDescription":"Please rate how much you agree with the following statements:","Choices":{"1":{"Display":"S\/he often notices small sounds when others do not"},"2":{"Display":"S\/he usually concentrates more on the whole picture, rather than the small details"},"3":{"Display":"In a social group, s\/he can easily keep track of several different people\u2019s conversations"},"4":{"Display":"S\/he finds it easy to go back and forth between different activities"},"5":{"Display":"S\/he doesn\u2019t know how to keep a conversation going with his\/her peers"},"6":{"Display":"S\/he is good at social chit-chat"},"7":{"Display":"When s\/he is read a story, s\/he finds it difficult to work out the character\u2019s intentions or feelings"},"8":{"Display":"When s\/he was in preschool, s\/he used to enjoy playing games involving pretending with other children"},"9":{"Display":"S\/he finds it easy to work out what someone is thinking or feeling just by looking at their face"},"10":{"Display":"S\/he finds it hard to make new friends"}},"ChoiceOrder":[1,2,3,4,5,6,7,8,9,10],"Validation":{"Settings":{"ForceResponse":"OFF","ForceResponseType":"ON","Type":"None"}},"GradingData":[],"Language":[],"NextChoiceId":11,"NextAnswerId":5,"Answers":{"1":{"Display":"Definitely Agree"},"2":{"Display":"Slightly Agree"},"3":{"Display":"Slightly Disagree"},"4":{"Display":"Definitely Agree"}},"AnswerOrder":[1,2,3,4],"ChoiceDataExportTags":false,"QuestionID":"QID1"}}]}