{"SurveyEntry":{"SurveyID":"SV_0oKjiCGMjn5ys1D","SurveyName":"Mental Health Continuum - Short Form","SurveyDescription":null,"SurveyOwnerID":"UR_6l4km5abl5GMnyd","SurveyBrandID":"hass","DivisionID":null,"SurveyLanguage":"EN","SurveyActiveResponseSet":"RS_eeAzueegPle5z2l","SurveyStatus":"Inactive","SurveyStartDate":"0000-00-00 00:00:00","SurveyExpirationDate":"0000-00-00 00:00:00","SurveyCreationDate":"2020-09-11 02:36:51","CreatorID":"UR_6l4km5abl5GMnyd","LastModified":"2020-09-11 02:40:08","LastAccessed":"0000-00-00 00:00:00","LastActivated":"0000-00-00 00:00:00","Deleted":null},"SurveyElements":[{"SurveyID":"SV_0oKjiCGMjn5ys1D","Element":"BL","PrimaryAttribute":"Survey Blocks","SecondaryAttribute":null,"TertiaryAttribute":null,"Payload":[{"Type":"Default","Description":"Default Question Block","ID":"BL_5oKbiqH1shXYuq1","BlockElements":[{"Type":"Question","QuestionID":"QID1"}]},{"Type":"Trash","Description":"Trash \/ Unused Questions","ID":"BL_ex4EKALykDTKq5T"}]},{"SurveyID":"SV_0oKjiCGMjn5ys1D","Element":"FL","PrimaryAttribute":"Survey Flow","SecondaryAttribute":null,"TertiaryAttribute":null,"Payload":{"Flow":[{"ID":"BL_5oKbiqH1shXYuq1","Type":"Block","FlowID":"FL_2"}],"Properties":{"Count":2},"FlowID":"FL_1","Type":"Root"}},{"SurveyID":"SV_0oKjiCGMjn5ys1D","Element":"SO","PrimaryAttribute":"Survey Options","SecondaryAttribute":null,"TertiaryAttribute":null,"Payload":{"BackButton":"false","SaveAndContinue":"true","SurveyProtection":"PublicSurvey","BallotBoxStuffingPrevention":"false","NoIndex":"Yes","SecureResponseFiles":"true","SurveyExpiration":"None","SurveyTermination":"DefaultMessage","Header":"","Footer":"","ProgressBarDisplay":"None","PartialData":"+1 week","ValidationMessage":"","PreviousButton":" \u2190 ","NextButton":" \u2192 ","SurveyTitle":"Online Survey Software | Qualtrics Survey Solutions","SkinLibrary":"hass","SkinType":"MQ","Skin":"hass1","NewScoring":1}},{"SurveyID":"SV_0oKjiCGMjn5ys1D","Element":"SCO","PrimaryAttribute":"Scoring","SecondaryAttribute":null,"TertiaryAttribute":null,"Payload":{"ScoringCategories":[],"ScoringCategoryGroups":[],"ScoringSummaryCategory":null,"ScoringSummaryAfterQuestions":0,"ScoringSummaryAfterSurvey":0,"DefaultScoringCategory":null,"AutoScoringCategory":null}},{"SurveyID":"SV_0oKjiCGMjn5ys1D","Element":"PROJ","PrimaryAttribute":"CORE","SecondaryAttribute":null,"TertiaryAttribute":"1.1.0","Payload":{"ProjectCategory":"CORE","SchemaVersion":"1.1.0"}},{"SurveyID":"SV_0oKjiCGMjn5ys1D","Element":"STAT","PrimaryAttribute":"Survey Statistics","SecondaryAttribute":null,"TertiaryAttribute":null,"Payload":{"MobileCompatible":false,"ID":"Survey Statistics"}},{"SurveyID":"SV_0oKjiCGMjn5ys1D","Element":"QC","PrimaryAttribute":"Survey Question Count","SecondaryAttribute":"1","TertiaryAttribute":null,"Payload":null},{"SurveyID":"SV_0oKjiCGMjn5ys1D","Element":"RS","PrimaryAttribute":"RS_eeAzueegPle5z2l","SecondaryAttribute":"Default Response Set","TertiaryAttribute":null,"Payload":null},{"SurveyID":"SV_0oKjiCGMjn5ys1D","Element":"SQ","PrimaryAttribute":"QID1","SecondaryAttribute":"During the past month, how often did you feel...","TertiaryAttribute":null,"Payload":{"QuestionText":"During the past month, how often did you feel...","DefaultChoices":false,"DataExportTag":"Q1","QuestionType":"Matrix","Selector":"Likert","SubSelector":"SingleAnswer","Configuration":{"QuestionDescriptionOption":"UseText","TextPosition":"inline","ChoiceColumnWidth":25,"RepeatHeaders":"none","WhiteSpace":"OFF","MobileFirst":true},"QuestionDescription":"During the past month, how often did you feel...","Choices":{"1":{"Display":"Happy"},"2":{"Display":"Interested in life"},"3":{"Display":"Satisfied with life"},"4":{"Display":"That you had something important to contribute to society"},"5":{"Display":"That you belonged to a community (like a social group, or your neighbourhood)"},"6":{"Display":"That our society is a good place, or is becoming a better place, for all people"},"7":{"Display":"That people are basically good"},"8":{"Display":"That the way our society works makes sense to you"},"9":{"Display":"That you liked most parts of your personality"},"10":{"Display":"Good at managing the responsibilities of your daily life"},"11":{"Display":"That you had warm and trusting relationships with others"},"12":{"Display":"That you had experiences that challenged you to grow and become a better person"},"13":{"Display":"Confident to think or express your own ideas and opinions"},"14":{"Display":"That your life has a sense of direction or meaning to it"}},"ChoiceOrder":[1,2,3,4,5,6,7,8,9,10,11,12,13,14],"Validation":{"Settings":{"ForceResponse":"OFF","ForceResponseType":"ON","Type":"None"}},"GradingData":[],"Language":[],"NextChoiceId":15,"NextAnswerId":7,"Answers":{"1":{"Display":"Never"},"2":{"Display":"Once or twice"},"3":{"Display":"About once a week"},"4":{"Display":"About 2 or 3 times a week"},"5":{"Display":"Almost every day"},"6":{"Display":"Every day"}},"AnswerOrder":[1,2,3,4,5,6],"ChoiceDataExportTags":false,"QuestionID":"QID1"}}]}