{"SurveyEntry":{"SurveyID":"SV_3UlwBMm9s1muAYd","SurveyName":"Oxford Happiness Questionnaire (OHQ): 8-Item Version","SurveyDescription":null,"SurveyOwnerID":"UR_6l4km5abl5GMnyd","SurveyBrandID":"hass","DivisionID":null,"SurveyLanguage":"EN","SurveyActiveResponseSet":"RS_9Zemzgrr8eIFCSh","SurveyStatus":"Inactive","SurveyStartDate":"0000-00-00 00:00:00","SurveyExpirationDate":"0000-00-00 00:00:00","SurveyCreationDate":"2020-09-11 01:40:37","CreatorID":"UR_6l4km5abl5GMnyd","LastModified":"2020-09-11 01:48:35","LastAccessed":"0000-00-00 00:00:00","LastActivated":"0000-00-00 00:00:00","Deleted":null},"SurveyElements":[{"SurveyID":"SV_3UlwBMm9s1muAYd","Element":"BL","PrimaryAttribute":"Survey Blocks","SecondaryAttribute":null,"TertiaryAttribute":null,"Payload":[{"Type":"Default","Description":"Default Question Block","ID":"BL_eFf5xJtTKNSNmER","BlockElements":[{"Type":"Question","QuestionID":"QID1"}]},{"Type":"Trash","Description":"Trash \/ Unused Questions","ID":"BL_5AaDeInuf7QY3jf"}]},{"SurveyID":"SV_3UlwBMm9s1muAYd","Element":"FL","PrimaryAttribute":"Survey Flow","SecondaryAttribute":null,"TertiaryAttribute":null,"Payload":{"Flow":[{"ID":"BL_eFf5xJtTKNSNmER","Type":"Block","FlowID":"FL_2"}],"Properties":{"Count":2},"FlowID":"FL_1","Type":"Root"}},{"SurveyID":"SV_3UlwBMm9s1muAYd","Element":"SO","PrimaryAttribute":"Survey Options","SecondaryAttribute":null,"TertiaryAttribute":null,"Payload":{"BackButton":"false","SaveAndContinue":"true","SurveyProtection":"PublicSurvey","BallotBoxStuffingPrevention":"false","NoIndex":"Yes","SecureResponseFiles":"true","SurveyExpiration":"None","SurveyTermination":"DefaultMessage","Header":"","Footer":"","ProgressBarDisplay":"None","PartialData":"+1 week","ValidationMessage":"","PreviousButton":" \u2190 ","NextButton":" \u2192 ","SurveyTitle":"Online Survey Software | Qualtrics Survey Solutions","SkinLibrary":"hass","SkinType":"MQ","Skin":"hass1","NewScoring":1}},{"SurveyID":"SV_3UlwBMm9s1muAYd","Element":"SCO","PrimaryAttribute":"Scoring","SecondaryAttribute":null,"TertiaryAttribute":null,"Payload":{"ScoringCategories":[{"ID":"SC_51G6zcCNQ7Eygjb","Name":"Score","Description":""},{"ID":"SC_agTFsvonE8a6mDX","Name":"QHQ_Score","Description":null}],"ScoringCategoryGroups":[],"DefaultScoringCategory":"SC_51G6zcCNQ7Eygjb","ScoringSummaryCategory":"SC_51G6zcCNQ7Eygjb","ScoringSummaryAfterQuestions":0,"ScoringSummaryAfterSurvey":0,"AutoScoringCategory":null,"IgnoreNullValues":true}},{"SurveyID":"SV_3UlwBMm9s1muAYd","Element":"PROJ","PrimaryAttribute":"CORE","SecondaryAttribute":null,"TertiaryAttribute":"1.1.0","Payload":{"ProjectCategory":"CORE","SchemaVersion":"1.1.0"}},{"SurveyID":"SV_3UlwBMm9s1muAYd","Element":"STAT","PrimaryAttribute":"Survey Statistics","SecondaryAttribute":null,"TertiaryAttribute":null,"Payload":{"MobileCompatible":false,"ID":"Survey Statistics"}},{"SurveyID":"SV_3UlwBMm9s1muAYd","Element":"QC","PrimaryAttribute":"Survey Question Count","SecondaryAttribute":"1","TertiaryAttribute":null,"Payload":null},{"SurveyID":"SV_3UlwBMm9s1muAYd","Element":"RS","PrimaryAttribute":"RS_9Zemzgrr8eIFCSh","SecondaryAttribute":"Default Response Set","TertiaryAttribute":null,"Payload":null},{"SurveyID":"SV_3UlwBMm9s1muAYd","Element":"SQ","PrimaryAttribute":"QID1","SecondaryAttribute":"How strongly do you agree with the following statements.","TertiaryAttribute":null,"Payload":{"QuestionText":"How strongly do you agree with the following statements.","DefaultChoices":false,"DataExportTag":"Q1","QuestionID":"QID1","QuestionType":"Matrix","Selector":"Likert","SubSelector":"SingleAnswer","Configuration":{"QuestionDescriptionOption":"UseText","TextPosition":"inline","ChoiceColumnWidth":25,"RepeatHeaders":"none","WhiteSpace":"OFF","MobileFirst":true},"QuestionDescription":"How strongly do you agree with the following statements.","Choices":{"1":{"Display":"I don\u2019t feel particularly pleased with the way I am"},"2":{"Display":"I feel that life is very rewarding"},"3":{"Display":"I am well satisfied about everything in my life"},"4":{"Display":"I don\u2019t think I look attractive"},"5":{"Display":"I find beauty in some things"},"6":{"Display":"I can fit in everything I want to"},"7":{"Display":"I feel fully mentally alert"},"8":{"Display":"I do not have particularly happy memories of the past"}},"ChoiceOrder":[1,2,3,4,5,6,7,8],"Validation":{"Settings":{"ForceResponse":"OFF","ForceResponseType":"ON","Type":"None"}},"GradingData":[{"ChoiceID":1,"AnswerID":1,"Grades":{"SC_agTFsvonE8a6mDX":6},"index":0},{"ChoiceID":1,"AnswerID":2,"Grades":{"SC_agTFsvonE8a6mDX":5},"index":1},{"ChoiceID":1,"AnswerID":3,"Grades":{"SC_agTFsvonE8a6mDX":4},"index":2},{"ChoiceID":1,"AnswerID":4,"Grades":{"SC_agTFsvonE8a6mDX":3},"index":3},{"ChoiceID":1,"AnswerID":5,"Grades":{"SC_agTFsvonE8a6mDX":2},"index":4},{"ChoiceID":1,"AnswerID":6,"Grades":{"SC_agTFsvonE8a6mDX":1},"index":5},{"ChoiceID":2,"AnswerID":1,"Grades":{"SC_agTFsvonE8a6mDX":1},"index":6},{"ChoiceID":2,"AnswerID":2,"Grades":{"SC_agTFsvonE8a6mDX":2},"index":7},{"ChoiceID":2,"AnswerID":3,"Grades":{"SC_agTFsvonE8a6mDX":3},"index":8},{"ChoiceID":2,"AnswerID":4,"Grades":{"SC_agTFsvonE8a6mDX":4},"index":9},{"ChoiceID":2,"AnswerID":5,"Grades":{"SC_agTFsvonE8a6mDX":5},"index":10},{"ChoiceID":2,"AnswerID":6,"Grades":{"SC_agTFsvonE8a6mDX":6},"index":11},{"ChoiceID":3,"AnswerID":1,"Grades":{"SC_agTFsvonE8a6mDX":1},"index":12},{"ChoiceID":3,"AnswerID":2,"Grades":{"SC_agTFsvonE8a6mDX":2},"index":13},{"ChoiceID":3,"AnswerID":3,"Grades":{"SC_agTFsvonE8a6mDX":3},"index":14},{"ChoiceID":3,"AnswerID":4,"Grades":{"SC_agTFsvonE8a6mDX":4},"index":15},{"ChoiceID":3,"AnswerID":5,"Grades":{"SC_agTFsvonE8a6mDX":5},"index":16},{"ChoiceID":3,"AnswerID":6,"Grades":{"SC_agTFsvonE8a6mDX":6},"index":17},{"ChoiceID":4,"AnswerID":1,"Grades":{"SC_agTFsvonE8a6mDX":6},"index":18},{"ChoiceID":4,"AnswerID":2,"Grades":{"SC_agTFsvonE8a6mDX":5},"index":19},{"ChoiceID":4,"AnswerID":3,"Grades":{"SC_agTFsvonE8a6mDX":4},"index":20},{"ChoiceID":4,"AnswerID":4,"Grades":{"SC_agTFsvonE8a6mDX":3},"index":21},{"ChoiceID":4,"AnswerID":5,"Grades":{"SC_agTFsvonE8a6mDX":2},"index":22},{"ChoiceID":4,"AnswerID":6,"Grades":{"SC_agTFsvonE8a6mDX":1},"index":23},{"ChoiceID":5,"AnswerID":1,"Grades":{"SC_agTFsvonE8a6mDX":1},"index":24},{"ChoiceID":5,"AnswerID":2,"Grades":{"SC_agTFsvonE8a6mDX":2},"index":25},{"ChoiceID":5,"AnswerID":3,"Grades":{"SC_agTFsvonE8a6mDX":3},"index":26},{"ChoiceID":5,"AnswerID":4,"Grades":{"SC_agTFsvonE8a6mDX":4},"index":27},{"ChoiceID":5,"AnswerID":5,"Grades":{"SC_agTFsvonE8a6mDX":5},"index":28},{"ChoiceID":5,"AnswerID":6,"Grades":{"SC_agTFsvonE8a6mDX":6},"index":29},{"ChoiceID":6,"AnswerID":1,"Grades":{"SC_agTFsvonE8a6mDX":1},"index":30},{"ChoiceID":6,"AnswerID":2,"Grades":{"SC_agTFsvonE8a6mDX":2},"index":31},{"ChoiceID":6,"AnswerID":3,"Grades":{"SC_agTFsvonE8a6mDX":3},"index":32},{"ChoiceID":6,"AnswerID":4,"Grades":{"SC_agTFsvonE8a6mDX":4},"index":33},{"ChoiceID":6,"AnswerID":5,"Grades":{"SC_agTFsvonE8a6mDX":5},"index":34},{"ChoiceID":6,"AnswerID":6,"Grades":{"SC_agTFsvonE8a6mDX":6},"index":35},{"ChoiceID":7,"AnswerID":1,"Grades":{"SC_agTFsvonE8a6mDX":1},"index":36},{"ChoiceID":7,"AnswerID":2,"Grades":{"SC_agTFsvonE8a6mDX":2},"index":37},{"ChoiceID":7,"AnswerID":3,"Grades":{"SC_agTFsvonE8a6mDX":3},"index":38},{"ChoiceID":7,"AnswerID":4,"Grades":{"SC_agTFsvonE8a6mDX":4},"index":39},{"ChoiceID":7,"AnswerID":5,"Grades":{"SC_agTFsvonE8a6mDX":5},"index":40},{"ChoiceID":7,"AnswerID":6,"Grades":{"SC_agTFsvonE8a6mDX":6},"index":41},{"ChoiceID":8,"AnswerID":1,"Grades":{"SC_agTFsvonE8a6mDX":6},"index":42},{"ChoiceID":8,"AnswerID":2,"Grades":{"SC_agTFsvonE8a6mDX":5},"index":43},{"ChoiceID":8,"AnswerID":3,"Grades":{"SC_agTFsvonE8a6mDX":4},"index":44},{"ChoiceID":8,"AnswerID":4,"Grades":{"SC_agTFsvonE8a6mDX":3},"index":45},{"ChoiceID":8,"AnswerID":5,"Grades":{"SC_agTFsvonE8a6mDX":2},"index":46},{"ChoiceID":8,"AnswerID":6,"Grades":{"SC_agTFsvonE8a6mDX":1},"index":47}],"Language":[],"NextChoiceId":9,"NextAnswerId":7,"Answers":{"1":{"Display":"Strongly disagree"},"2":{"Display":"Moderately disagree"},"3":{"Display":"Slightly disagree"},"4":{"Display":"Slightly agree"},"5":{"Display":"Moderately agree"},"6":{"Display":"Strongly agree"}},"AnswerOrder":[1,2,3,4,5,6],"ChoiceDataExportTags":false,"DataVisibility":{"Private":false,"Hidden":false}}}]}