{"SurveyEntry":{"SurveyID":"SV_6M2ZhTmv2iIHdn7","SurveyName":"Problematic Internet Use Questionnaire (PIUQ)","SurveyDescription":null,"SurveyOwnerID":"UR_6l4km5abl5GMnyd","SurveyBrandID":"hass","DivisionID":null,"SurveyLanguage":"EN","SurveyActiveResponseSet":"RS_cYBvaTHvF8btAfX","SurveyStatus":"Inactive","SurveyStartDate":"0000-00-00 00:00:00","SurveyExpirationDate":"0000-00-00 00:00:00","SurveyCreationDate":"2020-09-11 02:32:10","CreatorID":"UR_6l4km5abl5GMnyd","LastModified":"2020-09-11 02:35:42","LastAccessed":"0000-00-00 00:00:00","LastActivated":"0000-00-00 00:00:00","Deleted":null},"SurveyElements":[{"SurveyID":"SV_6M2ZhTmv2iIHdn7","Element":"BL","PrimaryAttribute":"Survey Blocks","SecondaryAttribute":null,"TertiaryAttribute":null,"Payload":[{"Type":"Default","Description":"Default Question Block","ID":"BL_88Jatfaxewqf1Ep","BlockElements":[{"Type":"Question","QuestionID":"QID1"}]},{"Type":"Trash","Description":"Trash \/ Unused Questions","ID":"BL_ba42pj91R7HtlJj"}]},{"SurveyID":"SV_6M2ZhTmv2iIHdn7","Element":"FL","PrimaryAttribute":"Survey Flow","SecondaryAttribute":null,"TertiaryAttribute":null,"Payload":{"Flow":[{"ID":"BL_88Jatfaxewqf1Ep","Type":"Block","FlowID":"FL_2"}],"Properties":{"Count":2},"FlowID":"FL_1","Type":"Root"}},{"SurveyID":"SV_6M2ZhTmv2iIHdn7","Element":"SO","PrimaryAttribute":"Survey Options","SecondaryAttribute":null,"TertiaryAttribute":null,"Payload":{"BackButton":"false","SaveAndContinue":"true","SurveyProtection":"PublicSurvey","BallotBoxStuffingPrevention":"false","NoIndex":"Yes","SecureResponseFiles":"true","SurveyExpiration":"None","SurveyTermination":"DefaultMessage","Header":"","Footer":"","ProgressBarDisplay":"None","PartialData":"+1 week","ValidationMessage":"","PreviousButton":" \u2190 ","NextButton":" \u2192 ","SurveyTitle":"Online Survey Software | Qualtrics Survey Solutions","SkinLibrary":"hass","SkinType":"MQ","Skin":"hass1","NewScoring":1}},{"SurveyID":"SV_6M2ZhTmv2iIHdn7","Element":"SCO","PrimaryAttribute":"Scoring","SecondaryAttribute":null,"TertiaryAttribute":null,"Payload":{"ScoringCategories":[],"ScoringCategoryGroups":[],"ScoringSummaryCategory":null,"ScoringSummaryAfterQuestions":0,"ScoringSummaryAfterSurvey":0,"DefaultScoringCategory":null,"AutoScoringCategory":null}},{"SurveyID":"SV_6M2ZhTmv2iIHdn7","Element":"PROJ","PrimaryAttribute":"CORE","SecondaryAttribute":null,"TertiaryAttribute":"1.1.0","Payload":{"ProjectCategory":"CORE","SchemaVersion":"1.1.0"}},{"SurveyID":"SV_6M2ZhTmv2iIHdn7","Element":"STAT","PrimaryAttribute":"Survey Statistics","SecondaryAttribute":null,"TertiaryAttribute":null,"Payload":{"MobileCompatible":false,"ID":"Survey Statistics"}},{"SurveyID":"SV_6M2ZhTmv2iIHdn7","Element":"QC","PrimaryAttribute":"Survey Question Count","SecondaryAttribute":"1","TertiaryAttribute":null,"Payload":null},{"SurveyID":"SV_6M2ZhTmv2iIHdn7","Element":"RS","PrimaryAttribute":"RS_cYBvaTHvF8btAfX","SecondaryAttribute":"Default Response Set","TertiaryAttribute":null,"Payload":null},{"SurveyID":"SV_6M2ZhTmv2iIHdn7","Element":"SQ","PrimaryAttribute":"QID1","SecondaryAttribute":"In the following you will read statements about your Internet use. Please indicate on a scale fro...","TertiaryAttribute":null,"Payload":{"QuestionText":"In the following you will read statements about your Internet use. Please indicate on a scale from 1 to 5 how much these statements characterise you.","DefaultChoices":false,"DataExportTag":"Q1","QuestionType":"Matrix","Selector":"Likert","SubSelector":"SingleAnswer","Configuration":{"QuestionDescriptionOption":"UseText","TextPosition":"inline","ChoiceColumnWidth":25,"RepeatHeaders":"none","WhiteSpace":"OFF","MobileFirst":true,"Autoscale":{"XScale":{"Name":"noneAll","Type":"likert","Reverse":false}}},"QuestionDescription":"In the following you will read statements about your Internet use. Please indicate on a scale fro...","Choices":{"1":{"Display":"How often do you fantasize about the Internet, or think about what it would be like to be online when you are not on the Internet?"},"2":{"Display":"How often do you neglect household chores to spend more time online?"},"3":{"Display":"How often do you feel that you should decrease the amount of time spent online?"},"4":{"Display":"How often do you daydream about the Internet?"},"5":{"Display":"How often do you spend time online when you\u2019d rather sleep?"},"6":{"Display":"How often does it happen to you that you wish to decrease the amount of time spent online but you do not succeed?"},"7":{"Display":"How often do you feel tense, irritated, or stressed if you cannot use the Internet for as long as you want to?"},"8":{"Display":"How often do you choose the Internet rather than being with your partner?"},"9":{"Display":"How often do you try to conceal the amount of time spent online?"},"10":{"Display":"How often do you feel tense, irritated, or stressed if you cannot use the Internet for several days?"},"11":{"Display":"How often does the use of the Internet impair your work or your efficacy?"},"12":{"Display":"How often do you feel that your Internet usage causes problems for you?"},"13":{"Display":"How often does it happen to you that you feel depressed, moody, or nervous when you are not on the Internet and these feelings stop once you are back online?"},"14":{"Display":"How often do people in your life complain about spending too much time online?"},"15":{"Display":"How often do you realize saying when you are online, \u201cjust a couple of more minutes and I will stop\u201d?"},"16":{"Display":"How often do you dream about the Internet?"},"17":{"Display":"How often do you choose the Internet rather than going out with somebody to have some fun?"},"18":{"Display":"How often do you think that you should ask for help in relation to your Internet use?"}},"ChoiceOrder":[1,2,3,4,5,6,7,8,9,10,11,12,13,14,15,16,17,18],"Validation":{"Settings":{"ForceResponse":"OFF","ForceResponseType":"ON","Type":"None"}},"GradingData":[],"Language":[],"NextChoiceId":19,"NextAnswerId":6,"Answers":{"1":{"Display":"never"},"2":{"Display":"rarely"},"3":{"Display":"sometimes"},"4":{"Display":"often"},"5":{"Display":"always"}},"AnswerOrder":["1","2","3","4","5"],"ChoiceDataExportTags":false,"QuestionID":"QID1"}}]}